<?xml version="1.0" encoding="utf-8"?>
<Project ToolsVersion="4.0" xmlns="http://schemas.microsoft.com/developer/msbuild/2003">
  <ItemGroup>
    <Filter Include="Source Files">
      <UniqueIdentifier>{4FC737F1-C7A5-4376-A066-2A32D752A2FF}</UniqueIdentifier>
      <Extensions>cpp;c;cc;cxx;def;odl;idl;hpj;bat;asm;asmx</Extensions>
    </Filter>
    <Filter Include="Header Files">
      <UniqueIdentifier>{93995380-89BD-4b04-88EB-625FBE52EBFB}</UniqueIdentifier>
      <Extensions>h;hpp;hxx;hm;inl;inc;xsd</Extensions>
    </Filter>
    <Filter Include="mhook">
      <UniqueIdentifier>{c08d1e7d-2819-49d1-bae8-495d4da5bb67}</UniqueIdentifier>
    </Filter>
  </ItemGroup>
  <ItemGroup>
    <ClInclude Include="pointers.h">
      <Filter>Header Files</Filter>
    </ClInclude>
    <ClInclude Include="api-loader.h">
      <Filter>Header Files</Filter>
    </ClInclude>
    <ClInclude Include="DGLWrapper.h">
      <Filter>Header Files</Filter>
    </ClInclude>
    <ClInclude Include="gl-headers-inside.h">
      <Filter>Header Files</Filter>
    </ClInclude>
    <ClInclude Include="gl-wrappers.h">
      <Filter>Header Files</Filter>
    </ClInclude>
    <ClInclude Include="actions.h">
      <Filter>Header Files</Filter>
    </ClInclude>
    <ClInclude Include="debugger.h">
      <Filter>Header Files</Filter>
    </ClInclude>
    <ClInclude Include="..\external\mhook\disasm-lib\cpu.h">
      <Filter>mhook</Filter>
    </ClInclude>
    <ClInclude Include="..\external\mhook\disasm-lib\disasm.h">
      <Filter>mhook</Filter>
    </ClInclude>
    <ClInclude Include="..\external\mhook\disasm-lib\disasm_x86.h">
      <Filter>mhook</Filter>
    </ClInclude>
    <ClInclude Include="..\external\mhook\disasm-lib\disasm_x86_tables.h">
      <Filter>mhook</Filter>
    </ClInclude>
    <ClInclude Include="native-surface.h">
      <Filter>Header Files</Filter>
    </ClInclude>
    <ClInclude Include="display.h">
      <Filter>Header Files</Filter>
    </ClInclude>
    <ClInclude Include="tls.h">
      <Filter>Header Files</Filter>
    </ClInclude>
    <ClInclude Include="gl-utils.h">
      <Filter>Header Files</Filter>
    </ClInclude>
    <ClInclude Include="gl-auxcontext.h">
      <Filter>Header Files</Filter>
    </ClInclude>
    <ClInclude Include="gl-statesetters.h">
      <Filter>Header Files</Filter>
    </ClInclude>
    <ClInclude Include="ipc.h">
      <Filter>Header Files</Filter>
    </ClInclude>
    <ClInclude Include="backtrace.h">
      <Filter>Header Files</Filter>
    </ClInclude>
    <ClInclude Include="gl-context.h">
      <Filter>Header Files</Filter>
    </ClInclude>
    <ClInclude Include="gl-objects.h">
      <Filter>Header Files</Filter>
    </ClInclude>
    <ClInclude Include="gl-texunit.h">
      <Filter>Header Files</Filter>
    </ClInclude>
    <ClInclude Include="action-manager.h">
      <Filter>Source Files</Filter>
    </ClInclude>
    <ClInclude Include="globalstate.h">
      <Filter>Header Files</Filter>
    </ClInclude>
    <ClInclude Include="gl-object-namespace.h">
      <Filter>Header Files</Filter>
    </ClInclude>
    <ClInclude Include="gl-shadowstate.h">
      <Filter>Header Files</Filter>
    </ClInclude>
    <ClInclude Include="wa-soctors.h">
      <Filter>Header Files</Filter>
    </ClInclude>
    <ClInclude Include="dl-intercept.h">
      <Filter>Header Files</Filter>
    </ClInclude>
    <ClInclude Include="exechook.h">
      <Filter>Header Files</Filter>
    </ClInclude>
  </ItemGroup>
  <ItemGroup>
    <ClCompile Include="dllmain.cpp">
      <Filter>Source Files</Filter>
    </ClCompile>
    <ClCompile Include="api-loader.cpp">
      <Filter>Source Files</Filter>
    </ClCompile>
    <ClCompile Include="debugger.cpp">
      <Filter>Source Files</Filter>
    </ClCompile>
    <ClCompile Include="gl-wrappers.cpp">
      <Filter>Source Files</Filter>
    </ClCompile>
    <ClCompile Include="actions.cpp">
      <Filter>Source Files</Filter>
    </ClCompile>
    <ClCompile Include="..\external\mhook\mhook-lib\mhook.cpp">
      <Filter>mhook</Filter>
    </ClCompile>
    <ClCompile Include="..\external\mhook\disasm-lib\cpu.c">
      <Filter>mhook</Filter>
    </ClCompile>
    <ClCompile Include="..\external\mhook\disasm-lib\disasm.c">
      <Filter>mhook</Filter>
    </ClCompile>
    <ClCompile Include="..\external\mhook\disasm-lib\disasm_x86.c">
      <Filter>mhook</Filter>
    </ClCompile>
    <ClCompile Include="native-surface.cpp">
      <Filter>Source Files</Filter>
    </ClCompile>
    <ClCompile Include="display.cpp">
      <Filter>Source Files</Filter>
    </ClCompile>
    <ClCompile Include="tls.cpp">
      <Filter>Source Files</Filter>
    </ClCompile>
    <ClCompile Include="gl-utils.cpp">
      <Filter>Source Files</Filter>
    </ClCompile>
    <ClCompile Include="gl-auxcontext.cpp">
      <Filter>Source Files</Filter>
    </ClCompile>
    <ClCompile Include="gl-statesetters.cpp">
      <Filter>Source Files</Filter>
    </ClCompile>
    <ClCompile Include="backtrace.cpp">
      <Filter>Source Files</Filter>
    </ClCompile>
    <ClCompile Include="gl-context.cpp">
      <Filter>Source Files</Filter>
    </ClCompile>
    <ClCompile Include="gl-objects.cpp">
      <Filter>Source Files</Filter>
    </ClCompile>
    <ClCompile Include="gl-texunit.cpp">
      <Filter>Source Files</Filter>
    </ClCompile>
    <ClCompile Include="action-manager.cpp">
      <Filter>Source Files</Filter>
    </ClCompile>
    <ClCompile Include="globalstate.cpp">
      <Filter>Source Files</Filter>
    </ClCompile>
    <ClCompile Include="gl-object-namespace.cpp">
      <Filter>Source Files</Filter>
    </ClCompile>
    <ClCompile Include="gl-shadowstate.cpp">
      <Filter>Source Files</Filter>
    </ClCompile>
    <ClCompile Include="wa-soctors.cpp">
      <Filter>Source Files</Filter>
    </ClCompile>
    <ClCompile Include="dl-intercept.cpp">
      <Filter>Source Files</Filter>
    </ClCompile>
    <ClCompile Include="exechook.cpp">
      <Filter>Source Files</Filter>
    </ClCompile>
  </ItemGroup>
</Project>