<?xml version="1.0" encoding="utf-8"?>
<Project ToolsVersion="4.0" xmlns="http://schemas.microsoft.com/developer/msbuild/2003">
  <ItemGroup>
    <Filter Include="Source Files">
      <UniqueIdentifier>{2c4834bf-82ac-4e25-8552-2f13aa820b4a}</UniqueIdentifier>
    </Filter>
    <Filter Include="GLEW">
      <UniqueIdentifier>{ef174d36-04d4-425a-97df-a2de02be496a}</UniqueIdentifier>
    </Filter>
    <Filter Include="Header Files">
      <UniqueIdentifier>{5038bf00-cfc7-400c-a56b-883d25ac82da}</UniqueIdentifier>
    </Filter>
    <Filter Include="Samples">
      <UniqueIdentifier>{ef4d0f3f-9af6-41da-ac95-d77bc3788e50}</UniqueIdentifier>
    </Filter>
  </ItemGroup>
  <ItemGroup>
    <ClCompile Include="main.cpp">
      <Filter>Source Files</Filter>
    </ClCompile>
    <ClCompile Include="platform_glfw.cpp">
      <Filter>Source Files</Filter>
    </ClCompile>
    <ClCompile Include="sample.cpp">
      <Filter>Source Files</Filter>
    </ClCompile>
    <ClCompile Include="glutil.cpp">
      <Filter>Source Files</Filter>
    </ClCompile>
    <ClCompile Include="samples\simple.cpp">
      <Filter>Samples</Filter>
    </ClCompile>
    <ClCompile Include="samples\shader_handling.cpp">
      <Filter>Samples</Filter>
    </ClCompile>
    <ClCompile Include="samples\fbo_msaa.cpp">
      <Filter>Samples</Filter>
    </ClCompile>
    <ClCompile Include="samples\resize.cpp">
      <Filter>Samples</Filter>
    </ClCompile>
    <ClCompile Include="samples\texture2d.cpp">
      <Filter>Samples</Filter>
    </ClCompile>
    <ClCompile Include="samples\texture3d.cpp">
      <Filter>Samples</Filter>
    </ClCompile>
    <ClCompile Include="samples\program_handling.cpp">
      <Filter>Samples</Filter>
    </ClCompile>
    <ClCompile Include="samples\sso.cpp">
      <Filter>Samples</Filter>
    </ClCompile>
    <ClCompile Include="samples\texture2d_msaa.cpp">
      <Filter>Samples</Filter>
    </ClCompile>
    <ClCompile Include="samples\texture2d_array_msaa.cpp">
      <Filter>Samples</Filter>
    </ClCompile>
    <ClCompile Include="..\..\external\glew\src\glew.c" />
  </ItemGroup>
  <ItemGroup>
    <ClInclude Include="sample.h">
      <Filter>Header Files</Filter>
    </ClInclude>
    <ClInclude Include="platform.h">
      <Filter>Header Files</Filter>
    </ClInclude>
    <ClInclude Include="glutil.h">
      <Filter>Header Files</Filter>
    </ClInclude>
  </ItemGroup>
</Project>