
Microsoft Visual Studio Solution File, Format Version 12.00
# Visual Studio 2012
Project("{8BC9CEB8-8B4A-11D0-8D11-00A0C91BC942}") = "DGLWrapper", "src\DGLWrapper\DGLWrapper.vcxproj", "{68B5196F-82CE-48E3-96A2-90FD8ADEBC3F}"
	ProjectSection(ProjectDependencies) = postProject
		{B8B2B603-0DAD-4C84-B375-091A5C36D6FF} = {B8B2B603-0DAD-4C84-B375-091A5C36D6FF}
		{7FBFE438-A40B-40E5-860B-C69882D8977F} = {7FBFE438-A40B-40E5-860B-C69882D8977F}
		{5C2A907E-02DA-4D13-B84B-B48500DBEFA3} = {5C2A907E-02DA-4D13-B84B-B48500DBEFA3}
		{13B36CE3-1A60-4184-8DAC-836D59E885AC} = {13B36CE3-1A60-4184-8DAC-836D59E885AC}
	EndProjectSection
EndProject
Project("{8BC9CEB8-8B4A-11D0-8D11-00A0C91BC942}") = "DGLGUI", "src\DGLGui\DGLGui.vcxproj", "{28B3A2F3-8E6F-4D4C-B29F-BF6180067E26}"
	ProjectSection(ProjectDependencies) = postProject
		{B8B2B603-0DAD-4C84-B375-091A5C36D6FF} = {B8B2B603-0DAD-4C84-B375-091A5C36D6FF}
		{5C2A907E-02DA-4D13-B84B-B48500DBEFA3} = {5C2A907E-02DA-4D13-B84B-B48500DBEFA3}
	EndProjectSection
EndProject
Project("{8BC9CEB8-8B4A-11D0-8D11-00A0C91BC942}") = "DGLNet", "src\DGLNet\DGLNet.vcxproj", "{5C2A907E-02DA-4D13-B84B-B48500DBEFA3}"
	ProjectSection(ProjectDependencies) = postProject
		{B8B2B603-0DAD-4C84-B375-091A5C36D6FF} = {B8B2B603-0DAD-4C84-B375-091A5C36D6FF}
	EndProjectSection
EndProject
Project("{8BC9CEB8-8B4A-11D0-8D11-00A0C91BC942}") = "DGLCommon", "src\DGLCommon\DGLCommon.vcxproj", "{B8B2B603-0DAD-4C84-B375-091A5C36D6FF}"
	ProjectSection(ProjectDependencies) = postProject
		{F16EFBD2-E47A-4E5B-B091-7D400430745A} = {F16EFBD2-E47A-4E5B-B091-7D400430745A}
	EndProjectSection
EndProject
Project("{8BC9CEB8-8B4A-11D0-8D11-00A0C91BC942}") = "codegen", "src\codegen\codegen.vcxproj", "{F16EFBD2-E47A-4E5B-B091-7D400430745A}"
EndProject
Project("{8BC9CEB8-8B4A-11D0-8D11-00A0C91BC942}") = "DGLLoader", "src\DGLLoader\DGLLoader.vcxproj", "{6A2EBCC0-8817-4333-B3DE-E730359DC0E8}"
	ProjectSection(ProjectDependencies) = postProject
		{B8B2B603-0DAD-4C84-B375-091A5C36D6FF} = {B8B2B603-0DAD-4C84-B375-091A5C36D6FF}
		{7FBFE438-A40B-40E5-860B-C69882D8977F} = {7FBFE438-A40B-40E5-860B-C69882D8977F}
		{3E07C0ED-2E87-4722-B32F-BB7401F07A90} = {3E07C0ED-2E87-4722-B32F-BB7401F07A90}
	EndProjectSection
EndProject
Project("{8BC9CEB8-8B4A-11D0-8D11-00A0C91BC942}") = "gtest", "src\external\gtest\msvc\gtest.vcxproj", "{C8F6C172-56F2-4E76-B5FA-C3B423B31BE7}"
EndProject
Project("{2150E333-8FDC-42A3-9474-1A3956D46DE8}") = "external", "external", "{A95D3136-CB96-4744-B344-B745B40E6167}"
EndProject
Project("{2150E333-8FDC-42A3-9474-1A3956D46DE8}") = "tests", "tests", "{BC0B380D-40D6-4DB2-A1E8-390B684490BC}"
EndProject
Project("{8BC9CEB8-8B4A-11D0-8D11-00A0C91BC942}") = "UT", "src\tests\UT\UT.vcxproj", "{09FC62AB-3D0A-46AC-BBB4-CB34A0E3CD29}"
	ProjectSection(ProjectDependencies) = postProject
		{B8B2B603-0DAD-4C84-B375-091A5C36D6FF} = {B8B2B603-0DAD-4C84-B375-091A5C36D6FF}
		{7FBFE438-A40B-40E5-860B-C69882D8977F} = {7FBFE438-A40B-40E5-860B-C69882D8977F}
		{C8F6C172-56F2-4E76-B5FA-C3B423B31BE7} = {C8F6C172-56F2-4E76-B5FA-C3B423B31BE7}
		{5C2A907E-02DA-4D13-B84B-B48500DBEFA3} = {5C2A907E-02DA-4D13-B84B-B48500DBEFA3}
		{DC8A5399-5884-421A-9B15-2335000EC895} = {DC8A5399-5884-421A-9B15-2335000EC895}
		{6A2EBCC0-8817-4333-B3DE-E730359DC0E8} = {6A2EBCC0-8817-4333-B3DE-E730359DC0E8}
		{13B36CE3-1A60-4184-8DAC-836D59E885AC} = {13B36CE3-1A60-4184-8DAC-836D59E885AC}
		{28B3A2F3-8E6F-4D4C-B29F-BF6180067E26} = {28B3A2F3-8E6F-4D4C-B29F-BF6180067E26}
	EndProjectSection
EndProject
Project("{8BC9CEB8-8B4A-11D0-8D11-00A0C91BC942}") = "Debugler", "src\DGLGui\Debugler.vcxproj", "{DA1E89A2-A0A1-44B3-B295-72ED4B8E5CF4}"
	ProjectSection(ProjectDependencies) = postProject
		{7FBFE438-A40B-40E5-860B-C69882D8977F} = {7FBFE438-A40B-40E5-860B-C69882D8977F}
		{3EBFDD5C-E730-48B1-BB5B-468EAC760B67} = {3EBFDD5C-E730-48B1-BB5B-468EAC760B67}
		{DC8A5399-5884-421A-9B15-2335000EC895} = {DC8A5399-5884-421A-9B15-2335000EC895}
		{13B36CE3-1A60-4184-8DAC-836D59E885AC} = {13B36CE3-1A60-4184-8DAC-836D59E885AC}
		{28B3A2F3-8E6F-4D4C-B29F-BF6180067E26} = {28B3A2F3-8E6F-4D4C-B29F-BF6180067E26}
	EndProjectSection
EndProject
Project("{2150E333-8FDC-42A3-9474-1A3956D46DE8}") = "boost", "boost", "{981970E8-D98A-4E3B-98D4-E04F7C6F898A}"
EndProject
Project("{8BC9CEB8-8B4A-11D0-8D11-00A0C91BC942}") = "libboost_program_options", "src\external\boost\libboost_program_options.vcxproj", "{3E07C0ED-2E87-4722-B32F-BB7401F07A90}"
EndProject
Project("{8BC9CEB8-8B4A-11D0-8D11-00A0C91BC942}") = "libboost_regexp", "src\external\boost\libboost_regexp.vcxproj", "{DC8A5399-5884-421A-9B15-2335000EC895}"
EndProject
Project("{8BC9CEB8-8B4A-11D0-8D11-00A0C91BC942}") = "libboost_serialization", "src\external\boost\libboost_serialization.vcxproj", "{13B36CE3-1A60-4184-8DAC-836D59E885AC}"
EndProject
Project("{8BC9CEB8-8B4A-11D0-8D11-00A0C91BC942}") = "libboost_system", "src\external\boost\libboost_system.vcxproj", "{7FBFE438-A40B-40E5-860B-C69882D8977F}"
EndProject
Project("{8BC9CEB8-8B4A-11D0-8D11-00A0C91BC942}") = "QTCopy", "tools\build\vs\auxprojects\QTCopy\QTCopy.vcxproj", "{3EBFDD5C-E730-48B1-BB5B-468EAC760B67}"
EndProject
Project("{930C7802-8A8C-48F9-8165-68863BCCD9DD}") = "Installer", "tools\build\vs\auxprojects\Installer\Installer.wixproj", "{F343E478-708F-46B6-A736-866317ED8D57}"
	ProjectSection(ProjectDependencies) = postProject
		{3EBFDD5C-E730-48B1-BB5B-468EAC760B67} = {3EBFDD5C-E730-48B1-BB5B-468EAC760B67}
		{1473B16E-9FE7-4F42-B1A6-29A950AB6804} = {1473B16E-9FE7-4F42-B1A6-29A950AB6804}
		{68B5196F-82CE-48E3-96A2-90FD8ADEBC3F} = {68B5196F-82CE-48E3-96A2-90FD8ADEBC3F}
		{8AF96288-59F4-4F67-9590-11429468C558} = {8AF96288-59F4-4F67-9590-11429468C558}
		{DA1E89A2-A0A1-44B3-B295-72ED4B8E5CF4} = {DA1E89A2-A0A1-44B3-B295-72ED4B8E5CF4}
		{04A158AA-7B05-4936-A2D2-BB8D4952833C} = {04A158AA-7B05-4936-A2D2-BB8D4952833C}
		{6A2EBCC0-8817-4333-B3DE-E730359DC0E8} = {6A2EBCC0-8817-4333-B3DE-E730359DC0E8}
	EndProjectSection
EndProject
Project("{8BC9CEB8-8B4A-11D0-8D11-00A0C91BC942}") = "samples", "src\tests\samples\samples.vcxproj", "{1CD99A24-16C6-46A8-8C31-2C31BBD42E7B}"
	ProjectSection(ProjectDependencies) = postProject
		{126CAA69-F774-4B1D-A4E5-2BD1CAAD2201} = {126CAA69-F774-4B1D-A4E5-2BD1CAAD2201}
		{F16EFBD2-E47A-4E5B-B091-7D400430745A} = {F16EFBD2-E47A-4E5B-B091-7D400430745A}
		{3E07C0ED-2E87-4722-B32F-BB7401F07A90} = {3E07C0ED-2E87-4722-B32F-BB7401F07A90}
	EndProjectSection
EndProject
Project("{8BC9CEB8-8B4A-11D0-8D11-00A0C91BC942}") = "glfw", "src\external\glfw-3.0.2\glfw.vcxproj", "{126CAA69-F774-4B1D-A4E5-2BD1CAAD2201}"
	ProjectSection(ProjectDependencies) = postProject
		{F16EFBD2-E47A-4E5B-B091-7D400430745A} = {F16EFBD2-E47A-4E5B-B091-7D400430745A}
	EndProjectSection
EndProject
Project("{8BC9CEB8-8B4A-11D0-8D11-00A0C91BC942}") = "samples-es2", "src\tests\samples\samples-es2.vcxproj", "{20EF2947-E2F6-4D02-BDF0-4E720FB9926F}"
	ProjectSection(ProjectDependencies) = postProject
		{EBF0059A-D8DD-4BEA-92F4-FB5FFC332D07} = {EBF0059A-D8DD-4BEA-92F4-FB5FFC332D07}
		{F16EFBD2-E47A-4E5B-B091-7D400430745A} = {F16EFBD2-E47A-4E5B-B091-7D400430745A}
		{3E07C0ED-2E87-4722-B32F-BB7401F07A90} = {3E07C0ED-2E87-4722-B32F-BB7401F07A90}
	EndProjectSection
EndProject
Project("{8BC9CEB8-8B4A-11D0-8D11-00A0C91BC942}") = "glfw-es2", "src\external\glfw-3.0.2\glfw-es2.vcxproj", "{EBF0059A-D8DD-4BEA-92F4-FB5FFC332D07}"
	ProjectSection(ProjectDependencies) = postProject
		{F16EFBD2-E47A-4E5B-B091-7D400430745A} = {F16EFBD2-E47A-4E5B-B091-7D400430745A}
	EndProjectSection
EndProject
Project("{8BC9CEB8-8B4A-11D0-8D11-00A0C91BC942}") = "android-arm", "tools\build\vs\auxprojects\AndroidBuild\android-armeabi.vcxproj", "{8AF96288-59F4-4F67-9590-11429468C558}"
EndProject
Project("{8BC9CEB8-8B4A-11D0-8D11-00A0C91BC942}") = "android-x86", "tools\build\vs\auxprojects\AndroidBuild\android-x86.vcxproj", "{1473B16E-9FE7-4F42-B1A6-29A950AB6804}"
EndProject
Project("{2150E333-8FDC-42A3-9474-1A3956D46DE8}") = "android", "android", "{086BBC9E-7E2A-41FC-89DD-282657F4FADF}"
EndProject
Project("{8BC9CEB8-8B4A-11D0-8D11-00A0C91BC942}") = "android-mips", "tools\build\vs\auxprojects\AndroidBuild\android-mips.vcxproj", "{04A158AA-7B05-4936-A2D2-BB8D4952833C}"
EndProject
Global
	GlobalSection(SolutionConfigurationPlatforms) = preSolution
		Debug|Win32 = Debug|Win32
		Debug|x64 = Debug|x64
		Debug-ALL|Win32 = Debug-ALL|Win32
		Debug-ALL|x64 = Debug-ALL|x64
		Release|Win32 = Release|Win32
		Release|x64 = Release|x64
		Release-ALL|Win32 = Release-ALL|Win32
		Release-ALL|x64 = Release-ALL|x64
	EndGlobalSection
	GlobalSection(ProjectConfigurationPlatforms) = postSolution
		{68B5196F-82CE-48E3-96A2-90FD8ADEBC3F}.Debug|Win32.ActiveCfg = Debug|Win32
		{68B5196F-82CE-48E3-96A2-90FD8ADEBC3F}.Debug|Win32.Build.0 = Debug|Win32
		{68B5196F-82CE-48E3-96A2-90FD8ADEBC3F}.Debug|x64.ActiveCfg = Debug|x64
		{68B5196F-82CE-48E3-96A2-90FD8ADEBC3F}.Debug|x64.Build.0 = Debug|x64
		{68B5196F-82CE-48E3-96A2-90FD8ADEBC3F}.Debug-ALL|Win32.ActiveCfg = Debug|Win32
		{68B5196F-82CE-48E3-96A2-90FD8ADEBC3F}.Debug-ALL|Win32.Build.0 = Debug|Win32
		{68B5196F-82CE-48E3-96A2-90FD8ADEBC3F}.Debug-ALL|x64.ActiveCfg = Debug|x64
		{68B5196F-82CE-48E3-96A2-90FD8ADEBC3F}.Debug-ALL|x64.Build.0 = Debug|x64
		{68B5196F-82CE-48E3-96A2-90FD8ADEBC3F}.Release|Win32.ActiveCfg = Release|Win32
		{68B5196F-82CE-48E3-96A2-90FD8ADEBC3F}.Release|Win32.Build.0 = Release|Win32
		{68B5196F-82CE-48E3-96A2-90FD8ADEBC3F}.Release|x64.ActiveCfg = Release|x64
		{68B5196F-82CE-48E3-96A2-90FD8ADEBC3F}.Release|x64.Build.0 = Release|x64
		{68B5196F-82CE-48E3-96A2-90FD8ADEBC3F}.Release-ALL|Win32.ActiveCfg = Release|Win32
		{68B5196F-82CE-48E3-96A2-90FD8ADEBC3F}.Release-ALL|Win32.Build.0 = Release|Win32
		{68B5196F-82CE-48E3-96A2-90FD8ADEBC3F}.Release-ALL|x64.ActiveCfg = Release|x64
		{68B5196F-82CE-48E3-96A2-90FD8ADEBC3F}.Release-ALL|x64.Build.0 = Release|x64
		{28B3A2F3-8E6F-4D4C-B29F-BF6180067E26}.Debug|Win32.ActiveCfg = Debug|Win32
		{28B3A2F3-8E6F-4D4C-B29F-BF6180067E26}.Debug|Win32.Build.0 = Debug|Win32
		{28B3A2F3-8E6F-4D4C-B29F-BF6180067E26}.Debug|x64.ActiveCfg = Debug|x64
		{28B3A2F3-8E6F-4D4C-B29F-BF6180067E26}.Debug-ALL|Win32.ActiveCfg = Debug|Win32
		{28B3A2F3-8E6F-4D4C-B29F-BF6180067E26}.Debug-ALL|Win32.Build.0 = Debug|Win32
		{28B3A2F3-8E6F-4D4C-B29F-BF6180067E26}.Debug-ALL|x64.ActiveCfg = Debug|x64
		{28B3A2F3-8E6F-4D4C-B29F-BF6180067E26}.Release|Win32.ActiveCfg = Release|Win32
		{28B3A2F3-8E6F-4D4C-B29F-BF6180067E26}.Release|Win32.Build.0 = Release|Win32
		{28B3A2F3-8E6F-4D4C-B29F-BF6180067E26}.Release|x64.ActiveCfg = Release|x64
		{28B3A2F3-8E6F-4D4C-B29F-BF6180067E26}.Release-ALL|Win32.ActiveCfg = Release|Win32
		{28B3A2F3-8E6F-4D4C-B29F-BF6180067E26}.Release-ALL|Win32.Build.0 = Release|Win32
		{28B3A2F3-8E6F-4D4C-B29F-BF6180067E26}.Release-ALL|x64.ActiveCfg = Release|x64
		{5C2A907E-02DA-4D13-B84B-B48500DBEFA3}.Debug|Win32.ActiveCfg = Debug|Win32
		{5C2A907E-02DA-4D13-B84B-B48500DBEFA3}.Debug|Win32.Build.0 = Debug|Win32
		{5C2A907E-02DA-4D13-B84B-B48500DBEFA3}.Debug|x64.ActiveCfg = Debug|x64
		{5C2A907E-02DA-4D13-B84B-B48500DBEFA3}.Debug|x64.Build.0 = Debug|x64
		{5C2A907E-02DA-4D13-B84B-B48500DBEFA3}.Debug-ALL|Win32.ActiveCfg = Debug|Win32
		{5C2A907E-02DA-4D13-B84B-B48500DBEFA3}.Debug-ALL|Win32.Build.0 = Debug|Win32
		{5C2A907E-02DA-4D13-B84B-B48500DBEFA3}.Debug-ALL|x64.ActiveCfg = Debug|x64
		{5C2A907E-02DA-4D13-B84B-B48500DBEFA3}.Debug-ALL|x64.Build.0 = Debug|x64
		{5C2A907E-02DA-4D13-B84B-B48500DBEFA3}.Release|Win32.ActiveCfg = Release|Win32
		{5C2A907E-02DA-4D13-B84B-B48500DBEFA3}.Release|Win32.Build.0 = Release|Win32
		{5C2A907E-02DA-4D13-B84B-B48500DBEFA3}.Release|x64.ActiveCfg = Release|x64
		{5C2A907E-02DA-4D13-B84B-B48500DBEFA3}.Release|x64.Build.0 = Release|x64
		{5C2A907E-02DA-4D13-B84B-B48500DBEFA3}.Release-ALL|Win32.ActiveCfg = Release|Win32
		{5C2A907E-02DA-4D13-B84B-B48500DBEFA3}.Release-ALL|Win32.Build.0 = Release|Win32
		{5C2A907E-02DA-4D13-B84B-B48500DBEFA3}.Release-ALL|x64.ActiveCfg = Release|x64
		{5C2A907E-02DA-4D13-B84B-B48500DBEFA3}.Release-ALL|x64.Build.0 = Release|x64
		{B8B2B603-0DAD-4C84-B375-091A5C36D6FF}.Debug|Win32.ActiveCfg = Debug|Win32
		{B8B2B603-0DAD-4C84-B375-091A5C36D6FF}.Debug|Win32.Build.0 = Debug|Win32
		{B8B2B603-0DAD-4C84-B375-091A5C36D6FF}.Debug|x64.ActiveCfg = Debug|x64
		{B8B2B603-0DAD-4C84-B375-091A5C36D6FF}.Debug|x64.Build.0 = Debug|x64
		{B8B2B603-0DAD-4C84-B375-091A5C36D6FF}.Debug-ALL|Win32.ActiveCfg = Debug|Win32
		{B8B2B603-0DAD-4C84-B375-091A5C36D6FF}.Debug-ALL|Win32.Build.0 = Debug|Win32
		{B8B2B603-0DAD-4C84-B375-091A5C36D6FF}.Debug-ALL|x64.ActiveCfg = Debug|x64
		{B8B2B603-0DAD-4C84-B375-091A5C36D6FF}.Debug-ALL|x64.Build.0 = Debug|x64
		{B8B2B603-0DAD-4C84-B375-091A5C36D6FF}.Release|Win32.ActiveCfg = Release|Win32
		{B8B2B603-0DAD-4C84-B375-091A5C36D6FF}.Release|Win32.Build.0 = Release|Win32
		{B8B2B603-0DAD-4C84-B375-091A5C36D6FF}.Release|x64.ActiveCfg = Release|x64
		{B8B2B603-0DAD-4C84-B375-091A5C36D6FF}.Release|x64.Build.0 = Release|x64
		{B8B2B603-0DAD-4C84-B375-091A5C36D6FF}.Release-ALL|Win32.ActiveCfg = Release|Win32
		{B8B2B603-0DAD-4C84-B375-091A5C36D6FF}.Release-ALL|Win32.Build.0 = Release|Win32
		{B8B2B603-0DAD-4C84-B375-091A5C36D6FF}.Release-ALL|x64.ActiveCfg = Release|x64
		{B8B2B603-0DAD-4C84-B375-091A5C36D6FF}.Release-ALL|x64.Build.0 = Release|x64
		{F16EFBD2-E47A-4E5B-B091-7D400430745A}.Debug|Win32.ActiveCfg = Debug|Win32
		{F16EFBD2-E47A-4E5B-B091-7D400430745A}.Debug|Win32.Build.0 = Debug|Win32
		{F16EFBD2-E47A-4E5B-B091-7D400430745A}.Debug|x64.ActiveCfg = Debug|Win32
		{F16EFBD2-E47A-4E5B-B091-7D400430745A}.Debug|x64.Build.0 = Debug|Win32
		{F16EFBD2-E47A-4E5B-B091-7D400430745A}.Debug-ALL|Win32.ActiveCfg = Debug|Win32
		{F16EFBD2-E47A-4E5B-B091-7D400430745A}.Debug-ALL|Win32.Build.0 = Debug|Win32
		{F16EFBD2-E47A-4E5B-B091-7D400430745A}.Debug-ALL|x64.ActiveCfg = Debug|Win32
		{F16EFBD2-E47A-4E5B-B091-7D400430745A}.Debug-ALL|x64.Build.0 = Debug|Win32
		{F16EFBD2-E47A-4E5B-B091-7D400430745A}.Release|Win32.ActiveCfg = Release|Win32
		{F16EFBD2-E47A-4E5B-B091-7D400430745A}.Release|Win32.Build.0 = Release|Win32
		{F16EFBD2-E47A-4E5B-B091-7D400430745A}.Release|x64.ActiveCfg = Release|Win32
		{F16EFBD2-E47A-4E5B-B091-7D400430745A}.Release|x64.Build.0 = Release|Win32
		{F16EFBD2-E47A-4E5B-B091-7D400430745A}.Release-ALL|Win32.ActiveCfg = Release|Win32
		{F16EFBD2-E47A-4E5B-B091-7D400430745A}.Release-ALL|Win32.Build.0 = Release|Win32
		{F16EFBD2-E47A-4E5B-B091-7D400430745A}.Release-ALL|x64.ActiveCfg = Release|Win32
		{F16EFBD2-E47A-4E5B-B091-7D400430745A}.Release-ALL|x64.Build.0 = Release|Win32
		{6A2EBCC0-8817-4333-B3DE-E730359DC0E8}.Debug|Win32.ActiveCfg = Debug|Win32
		{6A2EBCC0-8817-4333-B3DE-E730359DC0E8}.Debug|Win32.Build.0 = Debug|Win32
		{6A2EBCC0-8817-4333-B3DE-E730359DC0E8}.Debug|x64.ActiveCfg = Debug|x64
		{6A2EBCC0-8817-4333-B3DE-E730359DC0E8}.Debug|x64.Build.0 = Debug|x64
		{6A2EBCC0-8817-4333-B3DE-E730359DC0E8}.Debug-ALL|Win32.ActiveCfg = Debug|Win32
		{6A2EBCC0-8817-4333-B3DE-E730359DC0E8}.Debug-ALL|Win32.Build.0 = Debug|Win32
		{6A2EBCC0-8817-4333-B3DE-E730359DC0E8}.Debug-ALL|x64.ActiveCfg = Debug|x64
		{6A2EBCC0-8817-4333-B3DE-E730359DC0E8}.Debug-ALL|x64.Build.0 = Debug|x64
		{6A2EBCC0-8817-4333-B3DE-E730359DC0E8}.Release|Win32.ActiveCfg = Release|Win32
		{6A2EBCC0-8817-4333-B3DE-E730359DC0E8}.Release|Win32.Build.0 = Release|Win32
		{6A2EBCC0-8817-4333-B3DE-E730359DC0E8}.Release|x64.ActiveCfg = Release|x64
		{6A2EBCC0-8817-4333-B3DE-E730359DC0E8}.Release|x64.Build.0 = Release|x64
		{6A2EBCC0-8817-4333-B3DE-E730359DC0E8}.Release-ALL|Win32.ActiveCfg = Release|Win32
		{6A2EBCC0-8817-4333-B3DE-E730359DC0E8}.Release-ALL|Win32.Build.0 = Release|Win32
		{6A2EBCC0-8817-4333-B3DE-E730359DC0E8}.Release-ALL|x64.ActiveCfg = Release|x64
		{6A2EBCC0-8817-4333-B3DE-E730359DC0E8}.Release-ALL|x64.Build.0 = Release|x64
		{C8F6C172-56F2-4E76-B5FA-C3B423B31BE7}.Debug|Win32.ActiveCfg = Debug|Win32
		{C8F6C172-56F2-4E76-B5FA-C3B423B31BE7}.Debug|Win32.Build.0 = Debug|Win32
		{C8F6C172-56F2-4E76-B5FA-C3B423B31BE7}.Debug|x64.ActiveCfg = Debug|Win32
		{C8F6C172-56F2-4E76-B5FA-C3B423B31BE7}.Debug-ALL|Win32.ActiveCfg = Debug|Win32
		{C8F6C172-56F2-4E76-B5FA-C3B423B31BE7}.Debug-ALL|Win32.Build.0 = Debug|Win32
		{C8F6C172-56F2-4E76-B5FA-C3B423B31BE7}.Debug-ALL|x64.ActiveCfg = Debug|Win32
		{C8F6C172-56F2-4E76-B5FA-C3B423B31BE7}.Release|Win32.ActiveCfg = Release|Win32
		{C8F6C172-56F2-4E76-B5FA-C3B423B31BE7}.Release|Win32.Build.0 = Release|Win32
		{C8F6C172-56F2-4E76-B5FA-C3B423B31BE7}.Release|x64.ActiveCfg = Release|Win32
		{C8F6C172-56F2-4E76-B5FA-C3B423B31BE7}.Release-ALL|Win32.ActiveCfg = Release|Win32
		{C8F6C172-56F2-4E76-B5FA-C3B423B31BE7}.Release-ALL|Win32.Build.0 = Release|Win32
		{C8F6C172-56F2-4E76-B5FA-C3B423B31BE7}.Release-ALL|x64.ActiveCfg = Release|Win32
		{09FC62AB-3D0A-46AC-BBB4-CB34A0E3CD29}.Debug|Win32.ActiveCfg = Debug|Win32
		{09FC62AB-3D0A-46AC-BBB4-CB34A0E3CD29}.Debug|Win32.Build.0 = Debug|Win32
		{09FC62AB-3D0A-46AC-BBB4-CB34A0E3CD29}.Debug|x64.ActiveCfg = Debug|Win32
		{09FC62AB-3D0A-46AC-BBB4-CB34A0E3CD29}.Debug-ALL|Win32.ActiveCfg = Debug|Win32
		{09FC62AB-3D0A-46AC-BBB4-CB34A0E3CD29}.Debug-ALL|Win32.Build.0 = Debug|Win32
		{09FC62AB-3D0A-46AC-BBB4-CB34A0E3CD29}.Debug-ALL|x64.ActiveCfg = Debug|Win32
		{09FC62AB-3D0A-46AC-BBB4-CB34A0E3CD29}.Release|Win32.ActiveCfg = Release|Win32
		{09FC62AB-3D0A-46AC-BBB4-CB34A0E3CD29}.Release|Win32.Build.0 = Release|Win32
		{09FC62AB-3D0A-46AC-BBB4-CB34A0E3CD29}.Release|x64.ActiveCfg = Release|Win32
		{09FC62AB-3D0A-46AC-BBB4-CB34A0E3CD29}.Release-ALL|Win32.ActiveCfg = Release|Win32
		{09FC62AB-3D0A-46AC-BBB4-CB34A0E3CD29}.Release-ALL|Win32.Build.0 = Release|Win32
		{09FC62AB-3D0A-46AC-BBB4-CB34A0E3CD29}.Release-ALL|x64.ActiveCfg = Release|Win32
		{DA1E89A2-A0A1-44B3-B295-72ED4B8E5CF4}.Debug|Win32.ActiveCfg = Debug|Win32
		{DA1E89A2-A0A1-44B3-B295-72ED4B8E5CF4}.Debug|Win32.Build.0 = Debug|Win32
		{DA1E89A2-A0A1-44B3-B295-72ED4B8E5CF4}.Debug|x64.ActiveCfg = Debug|x64
		{DA1E89A2-A0A1-44B3-B295-72ED4B8E5CF4}.Debug-ALL|Win32.ActiveCfg = Debug|Win32
		{DA1E89A2-A0A1-44B3-B295-72ED4B8E5CF4}.Debug-ALL|Win32.Build.0 = Debug|Win32
		{DA1E89A2-A0A1-44B3-B295-72ED4B8E5CF4}.Debug-ALL|x64.ActiveCfg = Debug|x64
		{DA1E89A2-A0A1-44B3-B295-72ED4B8E5CF4}.Release|Win32.ActiveCfg = Release|Win32
		{DA1E89A2-A0A1-44B3-B295-72ED4B8E5CF4}.Release|Win32.Build.0 = Release|Win32
		{DA1E89A2-A0A1-44B3-B295-72ED4B8E5CF4}.Release|x64.ActiveCfg = Release|x64
		{DA1E89A2-A0A1-44B3-B295-72ED4B8E5CF4}.Release-ALL|Win32.ActiveCfg = Release|Win32
		{DA1E89A2-A0A1-44B3-B295-72ED4B8E5CF4}.Release-ALL|Win32.Build.0 = Release|Win32
		{DA1E89A2-A0A1-44B3-B295-72ED4B8E5CF4}.Release-ALL|x64.ActiveCfg = Release|x64
		{3E07C0ED-2E87-4722-B32F-BB7401F07A90}.Debug|Win32.ActiveCfg = Debug|Win32
		{3E07C0ED-2E87-4722-B32F-BB7401F07A90}.Debug|Win32.Build.0 = Debug|Win32
		{3E07C0ED-2E87-4722-B32F-BB7401F07A90}.Debug|x64.ActiveCfg = Debug|x64
		{3E07C0ED-2E87-4722-B32F-BB7401F07A90}.Debug|x64.Build.0 = Debug|x64
		{3E07C0ED-2E87-4722-B32F-BB7401F07A90}.Debug-ALL|Win32.ActiveCfg = Debug|Win32
		{3E07C0ED-2E87-4722-B32F-BB7401F07A90}.Debug-ALL|Win32.Build.0 = Debug|Win32
		{3E07C0ED-2E87-4722-B32F-BB7401F07A90}.Debug-ALL|x64.ActiveCfg = Debug|x64
		{3E07C0ED-2E87-4722-B32F-BB7401F07A90}.Debug-ALL|x64.Build.0 = Debug|x64
		{3E07C0ED-2E87-4722-B32F-BB7401F07A90}.Release|Win32.ActiveCfg = Release|Win32
		{3E07C0ED-2E87-4722-B32F-BB7401F07A90}.Release|Win32.Build.0 = Release|Win32
		{3E07C0ED-2E87-4722-B32F-BB7401F07A90}.Release|x64.ActiveCfg = Release|x64
		{3E07C0ED-2E87-4722-B32F-BB7401F07A90}.Release|x64.Build.0 = Release|x64
		{3E07C0ED-2E87-4722-B32F-BB7401F07A90}.Release-ALL|Win32.ActiveCfg = Release|Win32
		{3E07C0ED-2E87-4722-B32F-BB7401F07A90}.Release-ALL|Win32.Build.0 = Release|Win32
		{3E07C0ED-2E87-4722-B32F-BB7401F07A90}.Release-ALL|x64.ActiveCfg = Release|x64
		{3E07C0ED-2E87-4722-B32F-BB7401F07A90}.Release-ALL|x64.Build.0 = Release|x64
		{DC8A5399-5884-421A-9B15-2335000EC895}.Debug|Win32.ActiveCfg = Debug|Win32
		{DC8A5399-5884-421A-9B15-2335000EC895}.Debug|Win32.Build.0 = Debug|Win32
		{DC8A5399-5884-421A-9B15-2335000EC895}.Debug|x64.ActiveCfg = Debug|x64
		{DC8A5399-5884-421A-9B15-2335000EC895}.Debug-ALL|Win32.ActiveCfg = Debug|Win32
		{DC8A5399-5884-421A-9B15-2335000EC895}.Debug-ALL|Win32.Build.0 = Debug|Win32
		{DC8A5399-5884-421A-9B15-2335000EC895}.Debug-ALL|x64.ActiveCfg = Debug|x64
		{DC8A5399-5884-421A-9B15-2335000EC895}.Release|Win32.ActiveCfg = Release|Win32
		{DC8A5399-5884-421A-9B15-2335000EC895}.Release|Win32.Build.0 = Release|Win32
		{DC8A5399-5884-421A-9B15-2335000EC895}.Release|x64.ActiveCfg = Release|x64
		{DC8A5399-5884-421A-9B15-2335000EC895}.Release-ALL|Win32.ActiveCfg = Release|Win32
		{DC8A5399-5884-421A-9B15-2335000EC895}.Release-ALL|Win32.Build.0 = Release|Win32
		{DC8A5399-5884-421A-9B15-2335000EC895}.Release-ALL|x64.ActiveCfg = Release|x64
		{13B36CE3-1A60-4184-8DAC-836D59E885AC}.Debug|Win32.ActiveCfg = Debug|Win32
		{13B36CE3-1A60-4184-8DAC-836D59E885AC}.Debug|Win32.Build.0 = Debug|Win32
		{13B36CE3-1A60-4184-8DAC-836D59E885AC}.Debug|x64.ActiveCfg = Debug|x64
		{13B36CE3-1A60-4184-8DAC-836D59E885AC}.Debug|x64.Build.0 = Debug|x64
		{13B36CE3-1A60-4184-8DAC-836D59E885AC}.Debug-ALL|Win32.ActiveCfg = Debug|Win32
		{13B36CE3-1A60-4184-8DAC-836D59E885AC}.Debug-ALL|Win32.Build.0 = Debug|Win32
		{13B36CE3-1A60-4184-8DAC-836D59E885AC}.Debug-ALL|x64.ActiveCfg = Debug|x64
		{13B36CE3-1A60-4184-8DAC-836D59E885AC}.Debug-ALL|x64.Build.0 = Debug|x64
		{13B36CE3-1A60-4184-8DAC-836D59E885AC}.Release|Win32.ActiveCfg = Release|Win32
		{13B36CE3-1A60-4184-8DAC-836D59E885AC}.Release|Win32.Build.0 = Release|Win32
		{13B36CE3-1A60-4184-8DAC-836D59E885AC}.Release|x64.ActiveCfg = Release|x64
		{13B36CE3-1A60-4184-8DAC-836D59E885AC}.Release|x64.Build.0 = Release|x64
		{13B36CE3-1A60-4184-8DAC-836D59E885AC}.Release-ALL|Win32.ActiveCfg = Release|Win32
		{13B36CE3-1A60-4184-8DAC-836D59E885AC}.Release-ALL|Win32.Build.0 = Release|Win32
		{13B36CE3-1A60-4184-8DAC-836D59E885AC}.Release-ALL|x64.ActiveCfg = Release|x64
		{13B36CE3-1A60-4184-8DAC-836D59E885AC}.Release-ALL|x64.Build.0 = Release|x64
		{7FBFE438-A40B-40E5-860B-C69882D8977F}.Debug|Win32.ActiveCfg = Debug|Win32
		{7FBFE438-A40B-40E5-860B-C69882D8977F}.Debug|Win32.Build.0 = Debug|Win32
		{7FBFE438-A40B-40E5-860B-C69882D8977F}.Debug|x64.ActiveCfg = Debug|x64
		{7FBFE438-A40B-40E5-860B-C69882D8977F}.Debug|x64.Build.0 = Debug|x64
		{7FBFE438-A40B-40E5-860B-C69882D8977F}.Debug-ALL|Win32.ActiveCfg = Debug|Win32
		{7FBFE438-A40B-40E5-860B-C69882D8977F}.Debug-ALL|Win32.Build.0 = Debug|Win32
		{7FBFE438-A40B-40E5-860B-C69882D8977F}.Debug-ALL|x64.ActiveCfg = Debug|x64
		{7FBFE438-A40B-40E5-860B-C69882D8977F}.Debug-ALL|x64.Build.0 = Debug|x64
		{7FBFE438-A40B-40E5-860B-C69882D8977F}.Release|Win32.ActiveCfg = Release|Win32
		{7FBFE438-A40B-40E5-860B-C69882D8977F}.Release|Win32.Build.0 = Release|Win32
		{7FBFE438-A40B-40E5-860B-C69882D8977F}.Release|x64.ActiveCfg = Release|x64
		{7FBFE438-A40B-40E5-860B-C69882D8977F}.Release|x64.Build.0 = Release|x64
		{7FBFE438-A40B-40E5-860B-C69882D8977F}.Release-ALL|Win32.ActiveCfg = Release|Win32
		{7FBFE438-A40B-40E5-860B-C69882D8977F}.Release-ALL|Win32.Build.0 = Release|Win32
		{7FBFE438-A40B-40E5-860B-C69882D8977F}.Release-ALL|x64.ActiveCfg = Release|x64
		{7FBFE438-A40B-40E5-860B-C69882D8977F}.Release-ALL|x64.Build.0 = Release|x64
		{3EBFDD5C-E730-48B1-BB5B-468EAC760B67}.Debug|Win32.ActiveCfg = Debug|Win32
		{3EBFDD5C-E730-48B1-BB5B-468EAC760B67}.Debug|Win32.Build.0 = Debug|Win32
		{3EBFDD5C-E730-48B1-BB5B-468EAC760B67}.Debug|x64.ActiveCfg = Debug|x64
		{3EBFDD5C-E730-48B1-BB5B-468EAC760B67}.Debug-ALL|Win32.ActiveCfg = Debug|Win32
		{3EBFDD5C-E730-48B1-BB5B-468EAC760B67}.Debug-ALL|Win32.Build.0 = Debug|Win32
		{3EBFDD5C-E730-48B1-BB5B-468EAC760B67}.Debug-ALL|x64.ActiveCfg = Debug|x64
		{3EBFDD5C-E730-48B1-BB5B-468EAC760B67}.Release|Win32.ActiveCfg = Release|Win32
		{3EBFDD5C-E730-48B1-BB5B-468EAC760B67}.Release|Win32.Build.0 = Release|Win32
		{3EBFDD5C-E730-48B1-BB5B-468EAC760B67}.Release|x64.ActiveCfg = Release|x64
		{3EBFDD5C-E730-48B1-BB5B-468EAC760B67}.Release-ALL|Win32.ActiveCfg = Release|Win32
		{3EBFDD5C-E730-48B1-BB5B-468EAC760B67}.Release-ALL|Win32.Build.0 = Release|Win32
		{3EBFDD5C-E730-48B1-BB5B-468EAC760B67}.Release-ALL|x64.ActiveCfg = Release|x64
		{F343E478-708F-46B6-A736-866317ED8D57}.Debug|Win32.ActiveCfg = Debug|x86
		{F343E478-708F-46B6-A736-866317ED8D57}.Debug|x64.ActiveCfg = Debug|x64
		{F343E478-708F-46B6-A736-866317ED8D57}.Debug-ALL|Win32.ActiveCfg = Debug|x86
		{F343E478-708F-46B6-A736-866317ED8D57}.Debug-ALL|Win32.Build.0 = Debug|x86
		{F343E478-708F-46B6-A736-866317ED8D57}.Debug-ALL|x64.ActiveCfg = Debug|x64
		{F343E478-708F-46B6-A736-866317ED8D57}.Debug-ALL|x64.Build.0 = Debug|x64
		{F343E478-708F-46B6-A736-866317ED8D57}.Release|Win32.ActiveCfg = Release|x86
		{F343E478-708F-46B6-A736-866317ED8D57}.Release|x64.ActiveCfg = Release|x64
		{F343E478-708F-46B6-A736-866317ED8D57}.Release-ALL|Win32.ActiveCfg = Release|x86
		{F343E478-708F-46B6-A736-866317ED8D57}.Release-ALL|Win32.Build.0 = Release|x86
		{F343E478-708F-46B6-A736-866317ED8D57}.Release-ALL|x64.ActiveCfg = Release|x64
		{F343E478-708F-46B6-A736-866317ED8D57}.Release-ALL|x64.Build.0 = Release|x64
		{1CD99A24-16C6-46A8-8C31-2C31BBD42E7B}.Debug|Win32.ActiveCfg = Debug|Win32
		{1CD99A24-16C6-46A8-8C31-2C31BBD42E7B}.Debug|Win32.Build.0 = Debug|Win32
		{1CD99A24-16C6-46A8-8C31-2C31BBD42E7B}.Debug|x64.ActiveCfg = Debug|Win32
		{1CD99A24-16C6-46A8-8C31-2C31BBD42E7B}.Debug-ALL|Win32.ActiveCfg = Debug|Win32
		{1CD99A24-16C6-46A8-8C31-2C31BBD42E7B}.Debug-ALL|Win32.Build.0 = Debug|Win32
		{1CD99A24-16C6-46A8-8C31-2C31BBD42E7B}.Debug-ALL|x64.ActiveCfg = Debug|Win32
		{1CD99A24-16C6-46A8-8C31-2C31BBD42E7B}.Release|Win32.ActiveCfg = Release|Win32
		{1CD99A24-16C6-46A8-8C31-2C31BBD42E7B}.Release|Win32.Build.0 = Release|Win32
		{1CD99A24-16C6-46A8-8C31-2C31BBD42E7B}.Release|x64.ActiveCfg = Release|Win32
		{1CD99A24-16C6-46A8-8C31-2C31BBD42E7B}.Release-ALL|Win32.ActiveCfg = Release|Win32
		{1CD99A24-16C6-46A8-8C31-2C31BBD42E7B}.Release-ALL|Win32.Build.0 = Release|Win32
		{1CD99A24-16C6-46A8-8C31-2C31BBD42E7B}.Release-ALL|x64.ActiveCfg = Release|Win32
		{126CAA69-F774-4B1D-A4E5-2BD1CAAD2201}.Debug|Win32.ActiveCfg = Debug|Win32
		{126CAA69-F774-4B1D-A4E5-2BD1CAAD2201}.Debug|Win32.Build.0 = Debug|Win32
		{126CAA69-F774-4B1D-A4E5-2BD1CAAD2201}.Debug|x64.ActiveCfg = Debug|Win32
		{126CAA69-F774-4B1D-A4E5-2BD1CAAD2201}.Debug-ALL|Win32.ActiveCfg = Debug|Win32
		{126CAA69-F774-4B1D-A4E5-2BD1CAAD2201}.Debug-ALL|Win32.Build.0 = Debug|Win32
		{126CAA69-F774-4B1D-A4E5-2BD1CAAD2201}.Debug-ALL|x64.ActiveCfg = Debug|Win32
		{126CAA69-F774-4B1D-A4E5-2BD1CAAD2201}.Release|Win32.ActiveCfg = Release|Win32
		{126CAA69-F774-4B1D-A4E5-2BD1CAAD2201}.Release|Win32.Build.0 = Release|Win32
		{126CAA69-F774-4B1D-A4E5-2BD1CAAD2201}.Release|x64.ActiveCfg = Release|Win32
		{126CAA69-F774-4B1D-A4E5-2BD1CAAD2201}.Release-ALL|Win32.ActiveCfg = Release|Win32
		{126CAA69-F774-4B1D-A4E5-2BD1CAAD2201}.Release-ALL|Win32.Build.0 = Release|Win32
		{126CAA69-F774-4B1D-A4E5-2BD1CAAD2201}.Release-ALL|x64.ActiveCfg = Release|Win32
		{20EF2947-E2F6-4D02-BDF0-4E720FB9926F}.Debug|Win32.ActiveCfg = Debug|Win32
		{20EF2947-E2F6-4D02-BDF0-4E720FB9926F}.Debug|Win32.Build.0 = Debug|Win32
		{20EF2947-E2F6-4D02-BDF0-4E720FB9926F}.Debug|x64.ActiveCfg = Debug|Win32
		{20EF2947-E2F6-4D02-BDF0-4E720FB9926F}.Debug-ALL|Win32.ActiveCfg = Debug|Win32
		{20EF2947-E2F6-4D02-BDF0-4E720FB9926F}.Debug-ALL|Win32.Build.0 = Debug|Win32
		{20EF2947-E2F6-4D02-BDF0-4E720FB9926F}.Debug-ALL|x64.ActiveCfg = Debug|Win32
		{20EF2947-E2F6-4D02-BDF0-4E720FB9926F}.Release|Win32.ActiveCfg = Release|Win32
		{20EF2947-E2F6-4D02-BDF0-4E720FB9926F}.Release|Win32.Build.0 = Release|Win32
		{20EF2947-E2F6-4D02-BDF0-4E720FB9926F}.Release|x64.ActiveCfg = Release|Win32
		{20EF2947-E2F6-4D02-BDF0-4E720FB9926F}.Release-ALL|Win32.ActiveCfg = Release|Win32
		{20EF2947-E2F6-4D02-BDF0-4E720FB9926F}.Release-ALL|Win32.Build.0 = Release|Win32
		{20EF2947-E2F6-4D02-BDF0-4E720FB9926F}.Release-ALL|x64.ActiveCfg = Release|Win32
		{EBF0059A-D8DD-4BEA-92F4-FB5FFC332D07}.Debug|Win32.ActiveCfg = Debug|Win32
		{EBF0059A-D8DD-4BEA-92F4-FB5FFC332D07}.Debug|Win32.Build.0 = Debug|Win32
		{EBF0059A-D8DD-4BEA-92F4-FB5FFC332D07}.Debug|x64.ActiveCfg = Debug|Win32
		{EBF0059A-D8DD-4BEA-92F4-FB5FFC332D07}.Debug-ALL|Win32.ActiveCfg = Debug|Win32
		{EBF0059A-D8DD-4BEA-92F4-FB5FFC332D07}.Debug-ALL|Win32.Build.0 = Debug|Win32
		{EBF0059A-D8DD-4BEA-92F4-FB5FFC332D07}.Debug-ALL|x64.ActiveCfg = Debug|Win32
		{EBF0059A-D8DD-4BEA-92F4-FB5FFC332D07}.Release|Win32.ActiveCfg = Release|Win32
		{EBF0059A-D8DD-4BEA-92F4-FB5FFC332D07}.Release|Win32.Build.0 = Release|Win32
		{EBF0059A-D8DD-4BEA-92F4-FB5FFC332D07}.Release|x64.ActiveCfg = Release|Win32
		{EBF0059A-D8DD-4BEA-92F4-FB5FFC332D07}.Release-ALL|Win32.ActiveCfg = Release|Win32
		{EBF0059A-D8DD-4BEA-92F4-FB5FFC332D07}.Release-ALL|Win32.Build.0 = Release|Win32
		{EBF0059A-D8DD-4BEA-92F4-FB5FFC332D07}.Release-ALL|x64.ActiveCfg = Release|Win32
		{8AF96288-59F4-4F67-9590-11429468C558}.Debug|Win32.ActiveCfg = Debug|Win32
		{8AF96288-59F4-4F67-9590-11429468C558}.Debug|x64.ActiveCfg = Debug|Win32
		{8AF96288-59F4-4F67-9590-11429468C558}.Debug-ALL|Win32.ActiveCfg = Debug|Win32
		{8AF96288-59F4-4F67-9590-11429468C558}.Debug-ALL|Win32.Build.0 = Debug|Win32
		{8AF96288-59F4-4F67-9590-11429468C558}.Debug-ALL|x64.ActiveCfg = Debug|Win32
		{8AF96288-59F4-4F67-9590-11429468C558}.Release|Win32.ActiveCfg = Release|Win32
		{8AF96288-59F4-4F67-9590-11429468C558}.Release|x64.ActiveCfg = Release|Win32
		{8AF96288-59F4-4F67-9590-11429468C558}.Release-ALL|Win32.ActiveCfg = Release|Win32
		{8AF96288-59F4-4F67-9590-11429468C558}.Release-ALL|Win32.Build.0 = Release|Win32
		{8AF96288-59F4-4F67-9590-11429468C558}.Release-ALL|x64.ActiveCfg = Release|Win32
		{1473B16E-9FE7-4F42-B1A6-29A950AB6804}.Debug|Win32.ActiveCfg = Debug|Win32
		{1473B16E-9FE7-4F42-B1A6-29A950AB6804}.Debug|x64.ActiveCfg = Debug|Win32
		{1473B16E-9FE7-4F42-B1A6-29A950AB6804}.Debug-ALL|Win32.ActiveCfg = Debug|Win32
		{1473B16E-9FE7-4F42-B1A6-29A950AB6804}.Debug-ALL|Win32.Build.0 = Debug|Win32
		{1473B16E-9FE7-4F42-B1A6-29A950AB6804}.Debug-ALL|x64.ActiveCfg = Debug|Win32
		{1473B16E-9FE7-4F42-B1A6-29A950AB6804}.Release|Win32.ActiveCfg = Release|Win32
		{1473B16E-9FE7-4F42-B1A6-29A950AB6804}.Release|x64.ActiveCfg = Release|Win32
		{1473B16E-9FE7-4F42-B1A6-29A950AB6804}.Release-ALL|Win32.ActiveCfg = Release|Win32
		{1473B16E-9FE7-4F42-B1A6-29A950AB6804}.Release-ALL|Win32.Build.0 = Release|Win32
		{1473B16E-9FE7-4F42-B1A6-29A950AB6804}.Release-ALL|x64.ActiveCfg = Release|Win32
		{04A158AA-7B05-4936-A2D2-BB8D4952833C}.Debug|Win32.ActiveCfg = Debug|Win32
		{04A158AA-7B05-4936-A2D2-BB8D4952833C}.Debug|x64.ActiveCfg = Debug|Win32
		{04A158AA-7B05-4936-A2D2-BB8D4952833C}.Debug-ALL|Win32.ActiveCfg = Debug|Win32
		{04A158AA-7B05-4936-A2D2-BB8D4952833C}.Debug-ALL|Win32.Build.0 = Debug|Win32
		{04A158AA-7B05-4936-A2D2-BB8D4952833C}.Debug-ALL|x64.ActiveCfg = Debug|Win32
		{04A158AA-7B05-4936-A2D2-BB8D4952833C}.Release|Win32.ActiveCfg = Release|Win32
		{04A158AA-7B05-4936-A2D2-BB8D4952833C}.Release|x64.ActiveCfg = Release|Win32
		{04A158AA-7B05-4936-A2D2-BB8D4952833C}.Release-ALL|Win32.ActiveCfg = Release|Win32
		{04A158AA-7B05-4936-A2D2-BB8D4952833C}.Release-ALL|Win32.Build.0 = Release|Win32
		{04A158AA-7B05-4936-A2D2-BB8D4952833C}.Release-ALL|x64.ActiveCfg = Release|Win32
	EndGlobalSection
	GlobalSection(SolutionProperties) = preSolution
		HideSolutionNode = FALSE
	EndGlobalSection
	GlobalSection(NestedProjects) = preSolution
		{C8F6C172-56F2-4E76-B5FA-C3B423B31BE7} = {A95D3136-CB96-4744-B344-B745B40E6167}
		{981970E8-D98A-4E3B-98D4-E04F7C6F898A} = {A95D3136-CB96-4744-B344-B745B40E6167}
		{126CAA69-F774-4B1D-A4E5-2BD1CAAD2201} = {A95D3136-CB96-4744-B344-B745B40E6167}
		{EBF0059A-D8DD-4BEA-92F4-FB5FFC332D07} = {A95D3136-CB96-4744-B344-B745B40E6167}
		{09FC62AB-3D0A-46AC-BBB4-CB34A0E3CD29} = {BC0B380D-40D6-4DB2-A1E8-390B684490BC}
		{1CD99A24-16C6-46A8-8C31-2C31BBD42E7B} = {BC0B380D-40D6-4DB2-A1E8-390B684490BC}
		{20EF2947-E2F6-4D02-BDF0-4E720FB9926F} = {BC0B380D-40D6-4DB2-A1E8-390B684490BC}
		{3E07C0ED-2E87-4722-B32F-BB7401F07A90} = {981970E8-D98A-4E3B-98D4-E04F7C6F898A}
		{DC8A5399-5884-421A-9B15-2335000EC895} = {981970E8-D98A-4E3B-98D4-E04F7C6F898A}
		{13B36CE3-1A60-4184-8DAC-836D59E885AC} = {981970E8-D98A-4E3B-98D4-E04F7C6F898A}
		{7FBFE438-A40B-40E5-860B-C69882D8977F} = {981970E8-D98A-4E3B-98D4-E04F7C6F898A}
		{1473B16E-9FE7-4F42-B1A6-29A950AB6804} = {086BBC9E-7E2A-41FC-89DD-282657F4FADF}
		{8AF96288-59F4-4F67-9590-11429468C558} = {086BBC9E-7E2A-41FC-89DD-282657F4FADF}
		{04A158AA-7B05-4936-A2D2-BB8D4952833C} = {086BBC9E-7E2A-41FC-89DD-282657F4FADF}
	EndGlobalSection
	GlobalSection(ExtensibilityGlobals) = postSolution
		QtVersion = $(DefaultQtVersion)
	EndGlobalSection
EndGlobal
