<?xml version="1.0" encoding="utf-8"?>
<Project ToolsVersion="4.0" xmlns="http://schemas.microsoft.com/developer/msbuild/2003">
  <ItemGroup>
    <Filter Include="Source Files">
      <UniqueIdentifier>{4FC737F1-C7A5-4376-A066-2A32D752A2FF}</UniqueIdentifier>
      <Extensions>cpp;cxx;c;def</Extensions>
    </Filter>
    <Filter Include="Header Files">
      <UniqueIdentifier>{93995380-89BD-4b04-88EB-625FBE52EBFB}</UniqueIdentifier>
      <Extensions>h</Extensions>
    </Filter>
    <Filter Include="Form Files">
      <UniqueIdentifier>{99349809-55BA-4b9d-BF79-8FDBB0286EB3}</UniqueIdentifier>
      <Extensions>ui</Extensions>
    </Filter>
    <Filter Include="Resource Files">
      <UniqueIdentifier>{D9D6E242-F8AF-46E4-B9FD-80ECBC20BA3E}</UniqueIdentifier>
      <Extensions>qrc;*</Extensions>
      <ParseFiles>false</ParseFiles>
    </Filter>
    <Filter Include="Generated Files">
      <UniqueIdentifier>{71ED8ED8-ACB9-4CE9-BBE1-E00B30144E11}</UniqueIdentifier>
      <Extensions>moc;h;cpp</Extensions>
      <SourceControlFiles>False</SourceControlFiles>
    </Filter>
    <Filter Include="Generated Files\Debug">
      <UniqueIdentifier>{0336d555-1a64-4edf-8ada-a9a207cefc77}</UniqueIdentifier>
      <Extensions>cpp;moc</Extensions>
      <SourceControlFiles>False</SourceControlFiles>
    </Filter>
    <Filter Include="Generated Files\Release">
      <UniqueIdentifier>{40a92417-b729-4d93-b4e1-63560724ab4a}</UniqueIdentifier>
      <Extensions>cpp;moc</Extensions>
      <SourceControlFiles>False</SourceControlFiles>
    </Filter>
  </ItemGroup>
  <ItemGroup>
    <ClCompile Include="lib\srchiliteqt\GNUSyntaxHighlighter.cpp">
      <Filter>Source Files</Filter>
    </ClCompile>
    <ClCompile Include="lib\srchiliteqt\LanguageComboBox.cpp">
      <Filter>Source Files</Filter>
    </ClCompile>
    <ClCompile Include="lib\srchiliteqt\LanguageElemColorForm.cpp">
      <Filter>Source Files</Filter>
    </ClCompile>
    <ClCompile Include="lib\srchiliteqt\MainColorForm.cpp">
      <Filter>Source Files</Filter>
    </ClCompile>
    <ClCompile Include="lib\srchiliteqt\OutputFormatComboBox.cpp">
      <Filter>Source Files</Filter>
    </ClCompile>
    <ClCompile Include="lib\srchiliteqt\ParagraphMap.cpp">
      <Filter>Source Files</Filter>
    </ClCompile>
    <ClCompile Include="lib\srchiliteqt\Qt4SourceHighlightStyleGenerator.cpp">
      <Filter>Source Files</Filter>
    </ClCompile>
    <ClCompile Include="lib\srchiliteqt\Qt4SyntaxHighlighter.cpp">
      <Filter>Source Files</Filter>
    </ClCompile>
    <ClCompile Include="lib\srchiliteqt\Qt4TextFormatter.cpp">
      <Filter>Source Files</Filter>
    </ClCompile>
    <ClCompile Include="lib\srchiliteqt\Qt4TextFormatterFactory.cpp">
      <Filter>Source Files</Filter>
    </ClCompile>
    <ClCompile Include="lib\srchiliteqt\QtColorMap.cpp">
      <Filter>Source Files</Filter>
    </ClCompile>
    <ClCompile Include="lib\srchiliteqt\SourceHighlightExceptionBox.cpp">
      <Filter>Source Files</Filter>
    </ClCompile>
    <ClCompile Include="lib\srchiliteqt\SourceHighlightSettingsDialog.cpp">
      <Filter>Source Files</Filter>
    </ClCompile>
    <ClCompile Include="lib\srchiliteqt\SourceHighlightSettingsPage.cpp">
      <Filter>Source Files</Filter>
    </ClCompile>
    <ClCompile Include="lib\srchiliteqt\StyleComboBox.cpp">
      <Filter>Source Files</Filter>
    </ClCompile>
    <ClCompile Include="lib\srchiliteqt\TextEditHighlighted.cpp">
      <Filter>Source Files</Filter>
    </ClCompile>
    <ClCompile Include="lib\srchiliteqt\TextFormatter.cpp">
      <Filter>Source Files</Filter>
    </ClCompile>
    <ClCompile Include="lib\srchiliteqt\TextFormatterFactory.cpp">
      <Filter>Source Files</Filter>
    </ClCompile>
    <ClCompile Include="..\..\..\..\..\..\dump\Debug\GeneratedFiles\moc_ColorDialog.cpp">
      <Filter>Generated Files\Debug</Filter>
    </ClCompile>
    <ClCompile Include="..\..\..\..\..\..\dump\Release\GeneratedFiles\moc_ColorDialog.cpp">
      <Filter>Generated Files\Release</Filter>
    </ClCompile>
    <ClCompile Include="..\..\..\..\..\..\dump\Debug\GeneratedFiles\moc_LanguageComboBox.cpp">
      <Filter>Generated Files\Debug</Filter>
    </ClCompile>
    <ClCompile Include="..\..\..\..\..\..\dump\Release\GeneratedFiles\moc_LanguageComboBox.cpp">
      <Filter>Generated Files\Release</Filter>
    </ClCompile>
    <ClCompile Include="..\..\..\..\..\..\dump\Debug\GeneratedFiles\moc_LanguageElemColorForm.cpp">
      <Filter>Generated Files\Debug</Filter>
    </ClCompile>
    <ClCompile Include="..\..\..\..\..\..\dump\Release\GeneratedFiles\moc_LanguageElemColorForm.cpp">
      <Filter>Generated Files\Release</Filter>
    </ClCompile>
    <ClCompile Include="..\..\..\..\..\..\dump\Debug\GeneratedFiles\moc_MainColorForm.cpp">
      <Filter>Generated Files\Debug</Filter>
    </ClCompile>
    <ClCompile Include="..\..\..\..\..\..\dump\Release\GeneratedFiles\moc_MainColorForm.cpp">
      <Filter>Generated Files\Release</Filter>
    </ClCompile>
    <ClCompile Include="..\..\..\..\..\..\dump\Debug\GeneratedFiles\moc_OutputFormatComboBox.cpp">
      <Filter>Generated Files\Debug</Filter>
    </ClCompile>
    <ClCompile Include="..\..\..\..\..\..\dump\Release\GeneratedFiles\moc_OutputFormatComboBox.cpp">
      <Filter>Generated Files\Release</Filter>
    </ClCompile>
    <ClCompile Include="..\..\..\..\..\..\dump\Debug\GeneratedFiles\moc_SourceHighlightSettingsDialog.cpp">
      <Filter>Generated Files\Debug</Filter>
    </ClCompile>
    <ClCompile Include="..\..\..\..\..\..\dump\Release\GeneratedFiles\moc_SourceHighlightSettingsDialog.cpp">
      <Filter>Generated Files\Release</Filter>
    </ClCompile>
    <ClCompile Include="..\..\..\..\..\..\dump\Debug\GeneratedFiles\moc_SourceHighlightSettingsPage.cpp">
      <Filter>Generated Files\Debug</Filter>
    </ClCompile>
    <ClCompile Include="..\..\..\..\..\..\dump\Release\GeneratedFiles\moc_SourceHighlightSettingsPage.cpp">
      <Filter>Generated Files\Release</Filter>
    </ClCompile>
    <ClCompile Include="..\..\..\..\..\..\dump\Debug\GeneratedFiles\moc_StyleComboBox.cpp">
      <Filter>Generated Files\Debug</Filter>
    </ClCompile>
    <ClCompile Include="..\..\..\..\..\..\dump\Release\GeneratedFiles\moc_StyleComboBox.cpp">
      <Filter>Generated Files\Release</Filter>
    </ClCompile>
    <ClCompile Include="..\..\..\..\..\..\dump\Debug\GeneratedFiles\moc_TextEditHighlighted.cpp">
      <Filter>Generated Files\Debug</Filter>
    </ClCompile>
    <ClCompile Include="..\..\..\..\..\..\dump\Release\GeneratedFiles\moc_TextEditHighlighted.cpp">
      <Filter>Generated Files\Release</Filter>
    </ClCompile>
  </ItemGroup>
  <ItemGroup>
    <CustomBuild Include="lib\srchiliteqt\ColorDialog.h">
      <Filter>Header Files</Filter>
    </CustomBuild>
    <CustomBuild Include="lib\srchiliteqt\LanguageComboBox.h">
      <Filter>Header Files</Filter>
    </CustomBuild>
    <CustomBuild Include="lib\srchiliteqt\LanguageElemColorForm.h">
      <Filter>Header Files</Filter>
    </CustomBuild>
    <CustomBuild Include="lib\srchiliteqt\MainColorForm.h">
      <Filter>Header Files</Filter>
    </CustomBuild>
    <CustomBuild Include="lib\srchiliteqt\OutputFormatComboBox.h">
      <Filter>Header Files</Filter>
    </CustomBuild>
    <CustomBuild Include="lib\srchiliteqt\SourceHighlightSettingsDialog.h">
      <Filter>Header Files</Filter>
    </CustomBuild>
    <CustomBuild Include="lib\srchiliteqt\SourceHighlightSettingsPage.h">
      <Filter>Header Files</Filter>
    </CustomBuild>
    <CustomBuild Include="lib\srchiliteqt\StyleComboBox.h">
      <Filter>Header Files</Filter>
    </CustomBuild>
    <CustomBuild Include="lib\srchiliteqt\TextEditHighlighted.h">
      <Filter>Header Files</Filter>
    </CustomBuild>
    <CustomBuild Include="lib\srchiliteqt\ColorDialog.ui">
      <Filter>Form Files</Filter>
    </CustomBuild>
    <CustomBuild Include="lib\srchiliteqt\LanguageElemColorForm.ui">
      <Filter>Form Files</Filter>
    </CustomBuild>
    <CustomBuild Include="lib\srchiliteqt\MainColorForm.ui">
      <Filter>Form Files</Filter>
    </CustomBuild>
    <CustomBuild Include="lib\srchiliteqt\SourceHighlightSettingsDialog.ui">
      <Filter>Form Files</Filter>
    </CustomBuild>
    <CustomBuild Include="lib\srchiliteqt\SourceHighlightSettingsPage.ui">
      <Filter>Form Files</Filter>
    </CustomBuild>
  </ItemGroup>
  <ItemGroup>
    <ClInclude Include="lib\srchiliteqt\GNUSyntaxHighlighter.h">
      <Filter>Header Files</Filter>
    </ClInclude>
    <ClInclude Include="lib\srchiliteqt\HighlightStateData.h">
      <Filter>Header Files</Filter>
    </ClInclude>
    <ClInclude Include="lib\srchiliteqt\ParagraphMap.h">
      <Filter>Header Files</Filter>
    </ClInclude>
    <ClInclude Include="lib\srchiliteqt\Qt3SyntaxHighlighter.h">
      <Filter>Header Files</Filter>
    </ClInclude>
    <ClInclude Include="lib\srchiliteqt\Qt3TextFormatter.h">
      <Filter>Header Files</Filter>
    </ClInclude>
    <ClInclude Include="lib\srchiliteqt\Qt3TextFormatterFactory.h">
      <Filter>Header Files</Filter>
    </ClInclude>
    <ClInclude Include="lib\srchiliteqt\Qt4SourceHighlightStyleGenerator.h">
      <Filter>Header Files</Filter>
    </ClInclude>
    <ClInclude Include="lib\srchiliteqt\Qt4SyntaxHighlighter.h">
      <Filter>Header Files</Filter>
    </ClInclude>
    <ClInclude Include="lib\srchiliteqt\Qt4TextFormatter.h">
      <Filter>Header Files</Filter>
    </ClInclude>
    <ClInclude Include="lib\srchiliteqt\Qt4TextFormatterFactory.h">
      <Filter>Header Files</Filter>
    </ClInclude>
    <ClInclude Include="lib\srchiliteqt\QtColorMap.h">
      <Filter>Header Files</Filter>
    </ClInclude>
    <ClInclude Include="lib\srchiliteqt\SourceHighlightExceptionBox.h">
      <Filter>Header Files</Filter>
    </ClInclude>
    <ClInclude Include="lib\srchiliteqt\TextFormatter.h">
      <Filter>Header Files</Filter>
    </ClInclude>
    <ClInclude Include="lib\srchiliteqt\TextFormatterFactory.h">
      <Filter>Header Files</Filter>
    </ClInclude>
    <ClInclude Include="..\..\dump\GeneratedFiles\ui_ColorDialog.h">
      <Filter>Generated Files</Filter>
    </ClInclude>
    <ClInclude Include="..\..\dump\GeneratedFiles\ui_LanguageElemColorForm.h">
      <Filter>Generated Files</Filter>
    </ClInclude>
    <ClInclude Include="..\..\dump\GeneratedFiles\ui_MainColorForm.h">
      <Filter>Generated Files</Filter>
    </ClInclude>
    <ClInclude Include="..\..\dump\GeneratedFiles\ui_SourceHighlightSettingsDialog.h">
      <Filter>Generated Files</Filter>
    </ClInclude>
    <ClInclude Include="..\..\dump\GeneratedFiles\ui_SourceHighlightSettingsPage.h">
      <Filter>Generated Files</Filter>
    </ClInclude>
  </ItemGroup>
</Project>