
Microsoft Visual Studio Solution File, Format Version 11.00
# Visual Studio 2010
Project("{8BC9CEB8-8B4A-11D0-8D11-00A0C91BC942}") = "DGLWrapper", "DGLWrapper\DGLWrapper.vcxproj", "{68B5196F-82CE-48E3-96A2-90FD8ADEBC3F}"
	ProjectSection(ProjectDependencies) = postProject
		{B8B2B603-0DAD-4C84-B375-091A5C36D6FF} = {B8B2B603-0DAD-4C84-B375-091A5C36D6FF}
		{5C2A907E-02DA-4D13-B84B-B48500DBEFA3} = {5C2A907E-02DA-4D13-B84B-B48500DBEFA3}
	EndProjectSection
EndProject
Project("{8BC9CEB8-8B4A-11D0-8D11-00A0C91BC942}") = "DGLGUI", "DGLGui\DGLGui.vcxproj", "{28B3A2F3-8E6F-4D4C-B29F-BF6180067E26}"
	ProjectSection(ProjectDependencies) = postProject
		{B8B2B603-0DAD-4C84-B375-091A5C36D6FF} = {B8B2B603-0DAD-4C84-B375-091A5C36D6FF}
		{5C2A907E-02DA-4D13-B84B-B48500DBEFA3} = {5C2A907E-02DA-4D13-B84B-B48500DBEFA3}
		{05E37BC0-6128-4EE7-B147-164774C2E485} = {05E37BC0-6128-4EE7-B147-164774C2E485}
	EndProjectSection
EndProject
Project("{8BC9CEB8-8B4A-11D0-8D11-00A0C91BC942}") = "DGLNet", "DGLNet\DGLNet.vcxproj", "{5C2A907E-02DA-4D13-B84B-B48500DBEFA3}"
	ProjectSection(ProjectDependencies) = postProject
		{B8B2B603-0DAD-4C84-B375-091A5C36D6FF} = {B8B2B603-0DAD-4C84-B375-091A5C36D6FF}
	EndProjectSection
EndProject
Project("{8BC9CEB8-8B4A-11D0-8D11-00A0C91BC942}") = "DGLCommon", "DGLCommon\DGLCommon.vcxproj", "{B8B2B603-0DAD-4C84-B375-091A5C36D6FF}"
EndProject
Project("{8BC9CEB8-8B4A-11D0-8D11-00A0C91BC942}") = "codegen", "codegen\codegen.vcxproj", "{F16EFBD2-E47A-4E5B-B091-7D400430745A}"
EndProject
Project("{8BC9CEB8-8B4A-11D0-8D11-00A0C91BC942}") = "srchiliteqt", "srchiliteqt\srchiliteqt.vcxproj", "{05E37BC0-6128-4EE7-B147-164774C2E485}"
	ProjectSection(ProjectDependencies) = postProject
		{5C2A907E-02DA-4D13-B84B-B48500DBEFA8} = {5C2A907E-02DA-4D13-B84B-B48500DBEFA8}
	EndProjectSection
EndProject
Project("{8BC9CEB8-8B4A-11D0-8D11-00A0C91BC942}") = "source-highlight", "source-highlight-3.1.7\source-highlight.vcxproj", "{5C2A907E-02DA-4D13-B84B-B48500DBEFA8}"
EndProject
Global
	GlobalSection(SolutionConfigurationPlatforms) = preSolution
		Debug|Any CPU = Debug|Any CPU
		Debug|Mixed Platforms = Debug|Mixed Platforms
		Debug|Win32 = Debug|Win32
		Release|Any CPU = Release|Any CPU
		Release|Mixed Platforms = Release|Mixed Platforms
		Release|Win32 = Release|Win32
	EndGlobalSection
	GlobalSection(ProjectConfigurationPlatforms) = postSolution
		{68B5196F-82CE-48E3-96A2-90FD8ADEBC3F}.Debug|Any CPU.ActiveCfg = Debug|Win32
		{68B5196F-82CE-48E3-96A2-90FD8ADEBC3F}.Debug|Mixed Platforms.ActiveCfg = Debug|Win32
		{68B5196F-82CE-48E3-96A2-90FD8ADEBC3F}.Debug|Mixed Platforms.Build.0 = Debug|Win32
		{68B5196F-82CE-48E3-96A2-90FD8ADEBC3F}.Debug|Win32.ActiveCfg = Debug|Win32
		{68B5196F-82CE-48E3-96A2-90FD8ADEBC3F}.Debug|Win32.Build.0 = Debug|Win32
		{68B5196F-82CE-48E3-96A2-90FD8ADEBC3F}.Release|Any CPU.ActiveCfg = Release|Win32
		{68B5196F-82CE-48E3-96A2-90FD8ADEBC3F}.Release|Mixed Platforms.ActiveCfg = Release|Win32
		{68B5196F-82CE-48E3-96A2-90FD8ADEBC3F}.Release|Mixed Platforms.Build.0 = Release|Win32
		{68B5196F-82CE-48E3-96A2-90FD8ADEBC3F}.Release|Win32.ActiveCfg = Release|Win32
		{68B5196F-82CE-48E3-96A2-90FD8ADEBC3F}.Release|Win32.Build.0 = Release|Win32
		{28B3A2F3-8E6F-4D4C-B29F-BF6180067E26}.Debug|Any CPU.ActiveCfg = Debug|Win32
		{28B3A2F3-8E6F-4D4C-B29F-BF6180067E26}.Debug|Mixed Platforms.ActiveCfg = Debug|Win32
		{28B3A2F3-8E6F-4D4C-B29F-BF6180067E26}.Debug|Mixed Platforms.Build.0 = Debug|Win32
		{28B3A2F3-8E6F-4D4C-B29F-BF6180067E26}.Debug|Win32.ActiveCfg = Debug|Win32
		{28B3A2F3-8E6F-4D4C-B29F-BF6180067E26}.Debug|Win32.Build.0 = Debug|Win32
		{28B3A2F3-8E6F-4D4C-B29F-BF6180067E26}.Release|Any CPU.ActiveCfg = Release|Win32
		{28B3A2F3-8E6F-4D4C-B29F-BF6180067E26}.Release|Mixed Platforms.ActiveCfg = Release|Win32
		{28B3A2F3-8E6F-4D4C-B29F-BF6180067E26}.Release|Mixed Platforms.Build.0 = Release|Win32
		{28B3A2F3-8E6F-4D4C-B29F-BF6180067E26}.Release|Win32.ActiveCfg = Release|Win32
		{28B3A2F3-8E6F-4D4C-B29F-BF6180067E26}.Release|Win32.Build.0 = Release|Win32
		{5C2A907E-02DA-4D13-B84B-B48500DBEFA3}.Debug|Any CPU.ActiveCfg = Debug|Win32
		{5C2A907E-02DA-4D13-B84B-B48500DBEFA3}.Debug|Mixed Platforms.ActiveCfg = Debug|Win32
		{5C2A907E-02DA-4D13-B84B-B48500DBEFA3}.Debug|Mixed Platforms.Build.0 = Debug|Win32
		{5C2A907E-02DA-4D13-B84B-B48500DBEFA3}.Debug|Win32.ActiveCfg = Debug|Win32
		{5C2A907E-02DA-4D13-B84B-B48500DBEFA3}.Debug|Win32.Build.0 = Debug|Win32
		{5C2A907E-02DA-4D13-B84B-B48500DBEFA3}.Release|Any CPU.ActiveCfg = Release|Win32
		{5C2A907E-02DA-4D13-B84B-B48500DBEFA3}.Release|Mixed Platforms.ActiveCfg = Release|Win32
		{5C2A907E-02DA-4D13-B84B-B48500DBEFA3}.Release|Mixed Platforms.Build.0 = Release|Win32
		{5C2A907E-02DA-4D13-B84B-B48500DBEFA3}.Release|Win32.ActiveCfg = Release|Win32
		{5C2A907E-02DA-4D13-B84B-B48500DBEFA3}.Release|Win32.Build.0 = Release|Win32
		{B8B2B603-0DAD-4C84-B375-091A5C36D6FF}.Debug|Any CPU.ActiveCfg = Debug|Win32
		{B8B2B603-0DAD-4C84-B375-091A5C36D6FF}.Debug|Mixed Platforms.ActiveCfg = Debug|Win32
		{B8B2B603-0DAD-4C84-B375-091A5C36D6FF}.Debug|Mixed Platforms.Build.0 = Debug|Win32
		{B8B2B603-0DAD-4C84-B375-091A5C36D6FF}.Debug|Win32.ActiveCfg = Debug|Win32
		{B8B2B603-0DAD-4C84-B375-091A5C36D6FF}.Debug|Win32.Build.0 = Debug|Win32
		{B8B2B603-0DAD-4C84-B375-091A5C36D6FF}.Release|Any CPU.ActiveCfg = Release|Win32
		{B8B2B603-0DAD-4C84-B375-091A5C36D6FF}.Release|Mixed Platforms.ActiveCfg = Release|Win32
		{B8B2B603-0DAD-4C84-B375-091A5C36D6FF}.Release|Mixed Platforms.Build.0 = Release|Win32
		{B8B2B603-0DAD-4C84-B375-091A5C36D6FF}.Release|Win32.ActiveCfg = Release|Win32
		{B8B2B603-0DAD-4C84-B375-091A5C36D6FF}.Release|Win32.Build.0 = Release|Win32
		{F16EFBD2-E47A-4E5B-B091-7D400430745A}.Debug|Any CPU.ActiveCfg = Debug|Win32
		{F16EFBD2-E47A-4E5B-B091-7D400430745A}.Debug|Mixed Platforms.ActiveCfg = Debug|Win32
		{F16EFBD2-E47A-4E5B-B091-7D400430745A}.Debug|Mixed Platforms.Build.0 = Debug|Win32
		{F16EFBD2-E47A-4E5B-B091-7D400430745A}.Debug|Win32.ActiveCfg = Debug|Win32
		{F16EFBD2-E47A-4E5B-B091-7D400430745A}.Release|Any CPU.ActiveCfg = Release|Win32
		{F16EFBD2-E47A-4E5B-B091-7D400430745A}.Release|Mixed Platforms.ActiveCfg = Release|Win32
		{F16EFBD2-E47A-4E5B-B091-7D400430745A}.Release|Mixed Platforms.Build.0 = Release|Win32
		{F16EFBD2-E47A-4E5B-B091-7D400430745A}.Release|Win32.ActiveCfg = Release|Win32
		{05E37BC0-6128-4EE7-B147-164774C2E485}.Debug|Any CPU.ActiveCfg = Debug|Win32
		{05E37BC0-6128-4EE7-B147-164774C2E485}.Debug|Mixed Platforms.ActiveCfg = Debug|Win32
		{05E37BC0-6128-4EE7-B147-164774C2E485}.Debug|Mixed Platforms.Build.0 = Debug|Win32
		{05E37BC0-6128-4EE7-B147-164774C2E485}.Debug|Win32.ActiveCfg = Debug|Win32
		{05E37BC0-6128-4EE7-B147-164774C2E485}.Debug|Win32.Build.0 = Debug|Win32
		{05E37BC0-6128-4EE7-B147-164774C2E485}.Release|Any CPU.ActiveCfg = Release|Win32
		{05E37BC0-6128-4EE7-B147-164774C2E485}.Release|Mixed Platforms.ActiveCfg = Release|Win32
		{05E37BC0-6128-4EE7-B147-164774C2E485}.Release|Mixed Platforms.Build.0 = Release|Win32
		{05E37BC0-6128-4EE7-B147-164774C2E485}.Release|Win32.ActiveCfg = Release|Win32
		{05E37BC0-6128-4EE7-B147-164774C2E485}.Release|Win32.Build.0 = Release|Win32
		{5C2A907E-02DA-4D13-B84B-B48500DBEFA8}.Debug|Any CPU.ActiveCfg = Debug|Win32
		{5C2A907E-02DA-4D13-B84B-B48500DBEFA8}.Debug|Mixed Platforms.ActiveCfg = Debug|Win32
		{5C2A907E-02DA-4D13-B84B-B48500DBEFA8}.Debug|Mixed Platforms.Build.0 = Debug|Win32
		{5C2A907E-02DA-4D13-B84B-B48500DBEFA8}.Debug|Win32.ActiveCfg = Debug|Win32
		{5C2A907E-02DA-4D13-B84B-B48500DBEFA8}.Debug|Win32.Build.0 = Debug|Win32
		{5C2A907E-02DA-4D13-B84B-B48500DBEFA8}.Release|Any CPU.ActiveCfg = Release|Win32
		{5C2A907E-02DA-4D13-B84B-B48500DBEFA8}.Release|Mixed Platforms.ActiveCfg = Release|Win32
		{5C2A907E-02DA-4D13-B84B-B48500DBEFA8}.Release|Mixed Platforms.Build.0 = Release|Win32
		{5C2A907E-02DA-4D13-B84B-B48500DBEFA8}.Release|Win32.ActiveCfg = Release|Win32
		{5C2A907E-02DA-4D13-B84B-B48500DBEFA8}.Release|Win32.Build.0 = Release|Win32
	EndGlobalSection
	GlobalSection(SolutionProperties) = preSolution
		HideSolutionNode = FALSE
	EndGlobalSection
	GlobalSection(ExtensibilityGlobals) = postSolution
		QtVersion = $(DefaultQtVersion)
	EndGlobalSection
EndGlobal
