
Microsoft Visual Studio Solution File, Format Version 11.00
# Visual Studio 2010
Project("{8BC9CEB8-8B4A-11D0-8D11-00A0C91BC942}") = "DGLWrapper", "DGLWrapper\DGLWrapper.vcxproj", "{68B5196F-82CE-48E3-96A2-90FD8ADEBC3F}"
	ProjectSection(ProjectDependencies) = postProject
		{F9A59A02-D3B0-4857-8502-1DEFC2115FEC} = {F9A59A02-D3B0-4857-8502-1DEFC2115FEC}
		{B8B2B603-0DAD-4C84-B375-091A5C36D6FF} = {B8B2B603-0DAD-4C84-B375-091A5C36D6FF}
		{7FBFE438-A40B-40E5-860B-C69882D8977F} = {7FBFE438-A40B-40E5-860B-C69882D8977F}
		{5C2A907E-02DA-4D13-B84B-B48500DBEFA3} = {5C2A907E-02DA-4D13-B84B-B48500DBEFA3}
		{13B36CE3-1A60-4184-8DAC-836D59E885AC} = {13B36CE3-1A60-4184-8DAC-836D59E885AC}
	EndProjectSection
EndProject
Project("{8BC9CEB8-8B4A-11D0-8D11-00A0C91BC942}") = "DGLGUI", "DGLGui\DGLGui.vcxproj", "{28B3A2F3-8E6F-4D4C-B29F-BF6180067E26}"
	ProjectSection(ProjectDependencies) = postProject
		{B8B2B603-0DAD-4C84-B375-091A5C36D6FF} = {B8B2B603-0DAD-4C84-B375-091A5C36D6FF}
		{5C2A907E-02DA-4D13-B84B-B48500DBEFA3} = {5C2A907E-02DA-4D13-B84B-B48500DBEFA3}
		{05E37BC0-6128-4EE7-B147-164774C2E485} = {05E37BC0-6128-4EE7-B147-164774C2E485}
	EndProjectSection
EndProject
Project("{8BC9CEB8-8B4A-11D0-8D11-00A0C91BC942}") = "DGLNet", "DGLNet\DGLNet.vcxproj", "{5C2A907E-02DA-4D13-B84B-B48500DBEFA3}"
	ProjectSection(ProjectDependencies) = postProject
		{B8B2B603-0DAD-4C84-B375-091A5C36D6FF} = {B8B2B603-0DAD-4C84-B375-091A5C36D6FF}
	EndProjectSection
EndProject
Project("{8BC9CEB8-8B4A-11D0-8D11-00A0C91BC942}") = "DGLCommon", "DGLCommon\DGLCommon.vcxproj", "{B8B2B603-0DAD-4C84-B375-091A5C36D6FF}"
	ProjectSection(ProjectDependencies) = postProject
		{F16EFBD2-E47A-4E5B-B091-7D400430745A} = {F16EFBD2-E47A-4E5B-B091-7D400430745A}
	EndProjectSection
EndProject
Project("{8BC9CEB8-8B4A-11D0-8D11-00A0C91BC942}") = "codegen", "codegen\codegen.vcxproj", "{F16EFBD2-E47A-4E5B-B091-7D400430745A}"
EndProject
Project("{8BC9CEB8-8B4A-11D0-8D11-00A0C91BC942}") = "srchiliteqt", "external\srchiliteqt\srchiliteqt.vcxproj", "{05E37BC0-6128-4EE7-B147-164774C2E485}"
	ProjectSection(ProjectDependencies) = postProject
		{5C2A907E-02DA-4D13-B84B-B48500DBEFA8} = {5C2A907E-02DA-4D13-B84B-B48500DBEFA8}
	EndProjectSection
EndProject
Project("{8BC9CEB8-8B4A-11D0-8D11-00A0C91BC942}") = "source-highlight", "external\source-highlight-3.1.7\source-highlight.vcxproj", "{5C2A907E-02DA-4D13-B84B-B48500DBEFA8}"
EndProject
Project("{54435603-DBB4-11D2-8724-00A0C9A8B90C}") = "Installer", "Installer\Installer.vdproj", "{55ABEC8C-2C4B-4216-AC6D-C62A7A8F5D77}"
EndProject
Project("{8BC9CEB8-8B4A-11D0-8D11-00A0C91BC942}") = "DGLLoader", "DGLLoader\DGLLoader.vcxproj", "{6A2EBCC0-8817-4333-B3DE-E730359DC0E8}"
	ProjectSection(ProjectDependencies) = postProject
		{B8B2B603-0DAD-4C84-B375-091A5C36D6FF} = {B8B2B603-0DAD-4C84-B375-091A5C36D6FF}
		{7FBFE438-A40B-40E5-860B-C69882D8977F} = {7FBFE438-A40B-40E5-860B-C69882D8977F}
		{3E07C0ED-2E87-4722-B32F-BB7401F07A90} = {3E07C0ED-2E87-4722-B32F-BB7401F07A90}
	EndProjectSection
EndProject
Project("{8BC9CEB8-8B4A-11D0-8D11-00A0C91BC942}") = "gtest", "external\gtest\msvc\gtest.vcxproj", "{C8F6C172-56F2-4E76-B5FA-C3B423B31BE7}"
EndProject
Project("{2150E333-8FDC-42A3-9474-1A3956D46DE8}") = "external", "external", "{A95D3136-CB96-4744-B344-B745B40E6167}"
EndProject
Project("{2150E333-8FDC-42A3-9474-1A3956D46DE8}") = "tests", "tests", "{BC0B380D-40D6-4DB2-A1E8-390B684490BC}"
EndProject
Project("{8BC9CEB8-8B4A-11D0-8D11-00A0C91BC942}") = "UT", "tests\UT\UT.vcxproj", "{09FC62AB-3D0A-46AC-BBB4-CB34A0E3CD29}"
	ProjectSection(ProjectDependencies) = postProject
		{F9A59A02-D3B0-4857-8502-1DEFC2115FEC} = {F9A59A02-D3B0-4857-8502-1DEFC2115FEC}
		{B8B2B603-0DAD-4C84-B375-091A5C36D6FF} = {B8B2B603-0DAD-4C84-B375-091A5C36D6FF}
		{7FBFE438-A40B-40E5-860B-C69882D8977F} = {7FBFE438-A40B-40E5-860B-C69882D8977F}
		{C8F6C172-56F2-4E76-B5FA-C3B423B31BE7} = {C8F6C172-56F2-4E76-B5FA-C3B423B31BE7}
		{5C2A907E-02DA-4D13-B84B-B48500DBEFA3} = {5C2A907E-02DA-4D13-B84B-B48500DBEFA3}
		{6A2EBCC0-8817-4333-B3DE-E730359DC0E8} = {6A2EBCC0-8817-4333-B3DE-E730359DC0E8}
		{13B36CE3-1A60-4184-8DAC-836D59E885AC} = {13B36CE3-1A60-4184-8DAC-836D59E885AC}
		{28B3A2F3-8E6F-4D4C-B29F-BF6180067E26} = {28B3A2F3-8E6F-4D4C-B29F-BF6180067E26}
	EndProjectSection
EndProject
Project("{8BC9CEB8-8B4A-11D0-8D11-00A0C91BC942}") = "Debugler", "DGLGui\Debugler.vcxproj", "{DA1E89A2-A0A1-44B3-B295-72ED4B8E5CF4}"
	ProjectSection(ProjectDependencies) = postProject
		{7FBFE438-A40B-40E5-860B-C69882D8977F} = {7FBFE438-A40B-40E5-860B-C69882D8977F}
		{DC8A5399-5884-421A-9B15-2335000EC895} = {DC8A5399-5884-421A-9B15-2335000EC895}
		{13B36CE3-1A60-4184-8DAC-836D59E885AC} = {13B36CE3-1A60-4184-8DAC-836D59E885AC}
		{28B3A2F3-8E6F-4D4C-B29F-BF6180067E26} = {28B3A2F3-8E6F-4D4C-B29F-BF6180067E26}
	EndProjectSection
EndProject
Project("{2150E333-8FDC-42A3-9474-1A3956D46DE8}") = "boost", "boost", "{981970E8-D98A-4E3B-98D4-E04F7C6F898A}"
EndProject
Project("{8BC9CEB8-8B4A-11D0-8D11-00A0C91BC942}") = "libboost_program_options", "external\boost\libboost_program_options.vcxproj", "{3E07C0ED-2E87-4722-B32F-BB7401F07A90}"
EndProject
Project("{8BC9CEB8-8B4A-11D0-8D11-00A0C91BC942}") = "libboost_regexp", "external\boost\libboost_regexp.vcxproj", "{DC8A5399-5884-421A-9B15-2335000EC895}"
EndProject
Project("{8BC9CEB8-8B4A-11D0-8D11-00A0C91BC942}") = "libboost_serialization", "external\boost\libboost_serialization.vcxproj", "{13B36CE3-1A60-4184-8DAC-836D59E885AC}"
EndProject
Project("{8BC9CEB8-8B4A-11D0-8D11-00A0C91BC942}") = "libboost_system", "external\boost\libboost_system.vcxproj", "{7FBFE438-A40B-40E5-860B-C69882D8977F}"
EndProject
Project("{8BC9CEB8-8B4A-11D0-8D11-00A0C91BC942}") = "libboost_thread", "external\boost\libboost_thread.vcxproj", "{F9A59A02-D3B0-4857-8502-1DEFC2115FEC}"
EndProject
Global
	GlobalSection(SolutionConfigurationPlatforms) = preSolution
		Debug|Win32 = Debug|Win32
		Debug|x64 = Debug|x64
		Release|Win32 = Release|Win32
		Release|x64 = Release|x64
	EndGlobalSection
	GlobalSection(ProjectConfigurationPlatforms) = postSolution
		{68B5196F-82CE-48E3-96A2-90FD8ADEBC3F}.Debug|Win32.ActiveCfg = Debug|Win32
		{68B5196F-82CE-48E3-96A2-90FD8ADEBC3F}.Debug|Win32.Build.0 = Debug|Win32
		{68B5196F-82CE-48E3-96A2-90FD8ADEBC3F}.Debug|x64.ActiveCfg = Debug|x64
		{68B5196F-82CE-48E3-96A2-90FD8ADEBC3F}.Debug|x64.Build.0 = Debug|x64
		{68B5196F-82CE-48E3-96A2-90FD8ADEBC3F}.Release|Win32.ActiveCfg = Release|Win32
		{68B5196F-82CE-48E3-96A2-90FD8ADEBC3F}.Release|Win32.Build.0 = Release|Win32
		{68B5196F-82CE-48E3-96A2-90FD8ADEBC3F}.Release|x64.ActiveCfg = Release|x64
		{68B5196F-82CE-48E3-96A2-90FD8ADEBC3F}.Release|x64.Build.0 = Release|x64
		{28B3A2F3-8E6F-4D4C-B29F-BF6180067E26}.Debug|Win32.ActiveCfg = Debug|Win32
		{28B3A2F3-8E6F-4D4C-B29F-BF6180067E26}.Debug|Win32.Build.0 = Debug|Win32
		{28B3A2F3-8E6F-4D4C-B29F-BF6180067E26}.Debug|x64.ActiveCfg = Debug|x64
		{28B3A2F3-8E6F-4D4C-B29F-BF6180067E26}.Release|Win32.ActiveCfg = Release|Win32
		{28B3A2F3-8E6F-4D4C-B29F-BF6180067E26}.Release|Win32.Build.0 = Release|Win32
		{28B3A2F3-8E6F-4D4C-B29F-BF6180067E26}.Release|x64.ActiveCfg = Release|x64
		{5C2A907E-02DA-4D13-B84B-B48500DBEFA3}.Debug|Win32.ActiveCfg = Debug|Win32
		{5C2A907E-02DA-4D13-B84B-B48500DBEFA3}.Debug|Win32.Build.0 = Debug|Win32
		{5C2A907E-02DA-4D13-B84B-B48500DBEFA3}.Debug|x64.ActiveCfg = Debug|x64
		{5C2A907E-02DA-4D13-B84B-B48500DBEFA3}.Debug|x64.Build.0 = Debug|x64
		{5C2A907E-02DA-4D13-B84B-B48500DBEFA3}.Release|Win32.ActiveCfg = Release|Win32
		{5C2A907E-02DA-4D13-B84B-B48500DBEFA3}.Release|Win32.Build.0 = Release|Win32
		{5C2A907E-02DA-4D13-B84B-B48500DBEFA3}.Release|x64.ActiveCfg = Release|x64
		{5C2A907E-02DA-4D13-B84B-B48500DBEFA3}.Release|x64.Build.0 = Release|x64
		{B8B2B603-0DAD-4C84-B375-091A5C36D6FF}.Debug|Win32.ActiveCfg = Debug|Win32
		{B8B2B603-0DAD-4C84-B375-091A5C36D6FF}.Debug|Win32.Build.0 = Debug|Win32
		{B8B2B603-0DAD-4C84-B375-091A5C36D6FF}.Debug|x64.ActiveCfg = Debug|x64
		{B8B2B603-0DAD-4C84-B375-091A5C36D6FF}.Debug|x64.Build.0 = Debug|x64
		{B8B2B603-0DAD-4C84-B375-091A5C36D6FF}.Release|Win32.ActiveCfg = Release|Win32
		{B8B2B603-0DAD-4C84-B375-091A5C36D6FF}.Release|Win32.Build.0 = Release|Win32
		{B8B2B603-0DAD-4C84-B375-091A5C36D6FF}.Release|x64.ActiveCfg = Release|x64
		{B8B2B603-0DAD-4C84-B375-091A5C36D6FF}.Release|x64.Build.0 = Release|x64
		{F16EFBD2-E47A-4E5B-B091-7D400430745A}.Debug|Win32.ActiveCfg = Debug|Win32
		{F16EFBD2-E47A-4E5B-B091-7D400430745A}.Debug|Win32.Build.0 = Debug|Win32
		{F16EFBD2-E47A-4E5B-B091-7D400430745A}.Debug|x64.ActiveCfg = Debug|Win32
		{F16EFBD2-E47A-4E5B-B091-7D400430745A}.Debug|x64.Build.0 = Debug|Win32
		{F16EFBD2-E47A-4E5B-B091-7D400430745A}.Release|Win32.ActiveCfg = Release|Win32
		{F16EFBD2-E47A-4E5B-B091-7D400430745A}.Release|Win32.Build.0 = Release|Win32
		{F16EFBD2-E47A-4E5B-B091-7D400430745A}.Release|x64.ActiveCfg = Release|Win32
		{F16EFBD2-E47A-4E5B-B091-7D400430745A}.Release|x64.Build.0 = Release|Win32
		{05E37BC0-6128-4EE7-B147-164774C2E485}.Debug|Win32.ActiveCfg = Debug|Win32
		{05E37BC0-6128-4EE7-B147-164774C2E485}.Debug|Win32.Build.0 = Debug|Win32
		{05E37BC0-6128-4EE7-B147-164774C2E485}.Debug|x64.ActiveCfg = Debug|x64
		{05E37BC0-6128-4EE7-B147-164774C2E485}.Release|Win32.ActiveCfg = Release|Win32
		{05E37BC0-6128-4EE7-B147-164774C2E485}.Release|Win32.Build.0 = Release|Win32
		{05E37BC0-6128-4EE7-B147-164774C2E485}.Release|x64.ActiveCfg = Release|x64
		{5C2A907E-02DA-4D13-B84B-B48500DBEFA8}.Debug|Win32.ActiveCfg = Debug|Win32
		{5C2A907E-02DA-4D13-B84B-B48500DBEFA8}.Debug|Win32.Build.0 = Debug|Win32
		{5C2A907E-02DA-4D13-B84B-B48500DBEFA8}.Debug|x64.ActiveCfg = Debug|x64
		{5C2A907E-02DA-4D13-B84B-B48500DBEFA8}.Release|Win32.ActiveCfg = Release|Win32
		{5C2A907E-02DA-4D13-B84B-B48500DBEFA8}.Release|Win32.Build.0 = Release|Win32
		{5C2A907E-02DA-4D13-B84B-B48500DBEFA8}.Release|x64.ActiveCfg = Release|x64
		{55ABEC8C-2C4B-4216-AC6D-C62A7A8F5D77}.Debug|Win32.ActiveCfg = Debug
		{55ABEC8C-2C4B-4216-AC6D-C62A7A8F5D77}.Debug|x64.ActiveCfg = Debug
		{55ABEC8C-2C4B-4216-AC6D-C62A7A8F5D77}.Release|Win32.ActiveCfg = Release
		{55ABEC8C-2C4B-4216-AC6D-C62A7A8F5D77}.Release|x64.ActiveCfg = Release
		{6A2EBCC0-8817-4333-B3DE-E730359DC0E8}.Debug|Win32.ActiveCfg = Debug|Win32
		{6A2EBCC0-8817-4333-B3DE-E730359DC0E8}.Debug|Win32.Build.0 = Debug|Win32
		{6A2EBCC0-8817-4333-B3DE-E730359DC0E8}.Debug|x64.ActiveCfg = Debug|x64
		{6A2EBCC0-8817-4333-B3DE-E730359DC0E8}.Debug|x64.Build.0 = Debug|x64
		{6A2EBCC0-8817-4333-B3DE-E730359DC0E8}.Release|Win32.ActiveCfg = Release|Win32
		{6A2EBCC0-8817-4333-B3DE-E730359DC0E8}.Release|Win32.Build.0 = Release|Win32
		{6A2EBCC0-8817-4333-B3DE-E730359DC0E8}.Release|x64.ActiveCfg = Release|x64
		{6A2EBCC0-8817-4333-B3DE-E730359DC0E8}.Release|x64.Build.0 = Release|x64
		{C8F6C172-56F2-4E76-B5FA-C3B423B31BE7}.Debug|Win32.ActiveCfg = Debug|Win32
		{C8F6C172-56F2-4E76-B5FA-C3B423B31BE7}.Debug|Win32.Build.0 = Debug|Win32
		{C8F6C172-56F2-4E76-B5FA-C3B423B31BE7}.Debug|x64.ActiveCfg = Debug|Win32
		{C8F6C172-56F2-4E76-B5FA-C3B423B31BE7}.Release|Win32.ActiveCfg = Release|Win32
		{C8F6C172-56F2-4E76-B5FA-C3B423B31BE7}.Release|Win32.Build.0 = Release|Win32
		{C8F6C172-56F2-4E76-B5FA-C3B423B31BE7}.Release|x64.ActiveCfg = Release|Win32
		{09FC62AB-3D0A-46AC-BBB4-CB34A0E3CD29}.Debug|Win32.ActiveCfg = Debug|Win32
		{09FC62AB-3D0A-46AC-BBB4-CB34A0E3CD29}.Debug|Win32.Build.0 = Debug|Win32
		{09FC62AB-3D0A-46AC-BBB4-CB34A0E3CD29}.Debug|x64.ActiveCfg = Debug|Win32
		{09FC62AB-3D0A-46AC-BBB4-CB34A0E3CD29}.Release|Win32.ActiveCfg = Release|Win32
		{09FC62AB-3D0A-46AC-BBB4-CB34A0E3CD29}.Release|Win32.Build.0 = Release|Win32
		{09FC62AB-3D0A-46AC-BBB4-CB34A0E3CD29}.Release|x64.ActiveCfg = Release|Win32
		{DA1E89A2-A0A1-44B3-B295-72ED4B8E5CF4}.Debug|Win32.ActiveCfg = Debug|Win32
		{DA1E89A2-A0A1-44B3-B295-72ED4B8E5CF4}.Debug|Win32.Build.0 = Debug|Win32
		{DA1E89A2-A0A1-44B3-B295-72ED4B8E5CF4}.Debug|x64.ActiveCfg = Debug|x64
		{DA1E89A2-A0A1-44B3-B295-72ED4B8E5CF4}.Debug|x64.Build.0 = Debug|x64
		{DA1E89A2-A0A1-44B3-B295-72ED4B8E5CF4}.Release|Win32.ActiveCfg = Release|Win32
		{DA1E89A2-A0A1-44B3-B295-72ED4B8E5CF4}.Release|Win32.Build.0 = Release|Win32
		{DA1E89A2-A0A1-44B3-B295-72ED4B8E5CF4}.Release|x64.ActiveCfg = Release|x64
		{3E07C0ED-2E87-4722-B32F-BB7401F07A90}.Debug|Win32.ActiveCfg = Debug|Win32
		{3E07C0ED-2E87-4722-B32F-BB7401F07A90}.Debug|Win32.Build.0 = Debug|Win32
		{3E07C0ED-2E87-4722-B32F-BB7401F07A90}.Debug|x64.ActiveCfg = Debug|x64
		{3E07C0ED-2E87-4722-B32F-BB7401F07A90}.Debug|x64.Build.0 = Debug|x64
		{3E07C0ED-2E87-4722-B32F-BB7401F07A90}.Release|Win32.ActiveCfg = Release|Win32
		{3E07C0ED-2E87-4722-B32F-BB7401F07A90}.Release|Win32.Build.0 = Release|Win32
		{3E07C0ED-2E87-4722-B32F-BB7401F07A90}.Release|x64.ActiveCfg = Release|x64
		{3E07C0ED-2E87-4722-B32F-BB7401F07A90}.Release|x64.Build.0 = Release|x64
		{DC8A5399-5884-421A-9B15-2335000EC895}.Debug|Win32.ActiveCfg = Debug|Win32
		{DC8A5399-5884-421A-9B15-2335000EC895}.Debug|Win32.Build.0 = Debug|Win32
		{DC8A5399-5884-421A-9B15-2335000EC895}.Debug|x64.ActiveCfg = Debug|x64
		{DC8A5399-5884-421A-9B15-2335000EC895}.Debug|x64.Build.0 = Debug|x64
		{DC8A5399-5884-421A-9B15-2335000EC895}.Release|Win32.ActiveCfg = Release|Win32
		{DC8A5399-5884-421A-9B15-2335000EC895}.Release|Win32.Build.0 = Release|Win32
		{DC8A5399-5884-421A-9B15-2335000EC895}.Release|x64.ActiveCfg = Release|x64
		{DC8A5399-5884-421A-9B15-2335000EC895}.Release|x64.Build.0 = Release|x64
		{13B36CE3-1A60-4184-8DAC-836D59E885AC}.Debug|Win32.ActiveCfg = Debug|Win32
		{13B36CE3-1A60-4184-8DAC-836D59E885AC}.Debug|Win32.Build.0 = Debug|Win32
		{13B36CE3-1A60-4184-8DAC-836D59E885AC}.Debug|x64.ActiveCfg = Debug|x64
		{13B36CE3-1A60-4184-8DAC-836D59E885AC}.Debug|x64.Build.0 = Debug|x64
		{13B36CE3-1A60-4184-8DAC-836D59E885AC}.Release|Win32.ActiveCfg = Release|Win32
		{13B36CE3-1A60-4184-8DAC-836D59E885AC}.Release|Win32.Build.0 = Release|Win32
		{13B36CE3-1A60-4184-8DAC-836D59E885AC}.Release|x64.ActiveCfg = Release|x64
		{13B36CE3-1A60-4184-8DAC-836D59E885AC}.Release|x64.Build.0 = Release|x64
		{7FBFE438-A40B-40E5-860B-C69882D8977F}.Debug|Win32.ActiveCfg = Debug|Win32
		{7FBFE438-A40B-40E5-860B-C69882D8977F}.Debug|Win32.Build.0 = Debug|Win32
		{7FBFE438-A40B-40E5-860B-C69882D8977F}.Debug|x64.ActiveCfg = Debug|x64
		{7FBFE438-A40B-40E5-860B-C69882D8977F}.Debug|x64.Build.0 = Debug|x64
		{7FBFE438-A40B-40E5-860B-C69882D8977F}.Release|Win32.ActiveCfg = Release|Win32
		{7FBFE438-A40B-40E5-860B-C69882D8977F}.Release|Win32.Build.0 = Release|Win32
		{7FBFE438-A40B-40E5-860B-C69882D8977F}.Release|x64.ActiveCfg = Release|x64
		{7FBFE438-A40B-40E5-860B-C69882D8977F}.Release|x64.Build.0 = Release|x64
		{F9A59A02-D3B0-4857-8502-1DEFC2115FEC}.Debug|Win32.ActiveCfg = Debug|Win32
		{F9A59A02-D3B0-4857-8502-1DEFC2115FEC}.Debug|Win32.Build.0 = Debug|Win32
		{F9A59A02-D3B0-4857-8502-1DEFC2115FEC}.Debug|x64.ActiveCfg = Debug|x64
		{F9A59A02-D3B0-4857-8502-1DEFC2115FEC}.Debug|x64.Build.0 = Debug|x64
		{F9A59A02-D3B0-4857-8502-1DEFC2115FEC}.Release|Win32.ActiveCfg = Release|Win32
		{F9A59A02-D3B0-4857-8502-1DEFC2115FEC}.Release|Win32.Build.0 = Release|Win32
		{F9A59A02-D3B0-4857-8502-1DEFC2115FEC}.Release|x64.ActiveCfg = Release|x64
		{F9A59A02-D3B0-4857-8502-1DEFC2115FEC}.Release|x64.Build.0 = Release|x64
	EndGlobalSection
	GlobalSection(SolutionProperties) = preSolution
		HideSolutionNode = FALSE
	EndGlobalSection
	GlobalSection(NestedProjects) = preSolution
		{5C2A907E-02DA-4D13-B84B-B48500DBEFA8} = {A95D3136-CB96-4744-B344-B745B40E6167}
		{C8F6C172-56F2-4E76-B5FA-C3B423B31BE7} = {A95D3136-CB96-4744-B344-B745B40E6167}
		{05E37BC0-6128-4EE7-B147-164774C2E485} = {A95D3136-CB96-4744-B344-B745B40E6167}
		{981970E8-D98A-4E3B-98D4-E04F7C6F898A} = {A95D3136-CB96-4744-B344-B745B40E6167}
		{09FC62AB-3D0A-46AC-BBB4-CB34A0E3CD29} = {BC0B380D-40D6-4DB2-A1E8-390B684490BC}
		{3E07C0ED-2E87-4722-B32F-BB7401F07A90} = {981970E8-D98A-4E3B-98D4-E04F7C6F898A}
		{DC8A5399-5884-421A-9B15-2335000EC895} = {981970E8-D98A-4E3B-98D4-E04F7C6F898A}
		{13B36CE3-1A60-4184-8DAC-836D59E885AC} = {981970E8-D98A-4E3B-98D4-E04F7C6F898A}
		{7FBFE438-A40B-40E5-860B-C69882D8977F} = {981970E8-D98A-4E3B-98D4-E04F7C6F898A}
		{F9A59A02-D3B0-4857-8502-1DEFC2115FEC} = {981970E8-D98A-4E3B-98D4-E04F7C6F898A}
	EndGlobalSection
	GlobalSection(ExtensibilityGlobals) = postSolution
		QtVersion = $(DefaultQtVersion)
	EndGlobalSection
EndGlobal
